
Microsoft Visual Studio Solution File, Format Version 12.00
# Visual Studio 2017
Project("{FAE04EC0-301F-11D3-BF4B-00C04F79EFBC}") = "ShaderPool.Plugins", "ShaderPool.Plugins.csproj", "{4BA0E048-D44D-2D62-B37B-3F23D1A117F9}"
EndProject
Project("{FAE04EC0-301F-11D3-BF4B-00C04F79EFBC}") = "ShaderPool.Editor.Plugins", "ShaderPool.Editor.Plugins.csproj", "{5594827D-565F-7F3D-E954-01FE64202123}"
EndProject
Global
	GlobalSection(SolutionConfigurationPlatforms) = preSolution
		Debug|Any CPU = Debug|Any CPU
		Release|Any CPU = Release|Any CPU
	EndGlobalSection
	GlobalSection(ProjectConfigurationPlatforms) = postSolution
		{4BA0E048-D44D-2D62-B37B-3F23D1A117F9}.Debug|Any CPU.ActiveCfg = Debug|Any CPU
		{4BA0E048-D44D-2D62-B37B-3F23D1A117F9}.Debug|Any CPU.Build.0 = Debug|Any CPU
		{4BA0E048-D44D-2D62-B37B-3F23D1A117F9}.Release|Any CPU.ActiveCfg = Release|Any CPU
		{4BA0E048-D44D-2D62-B37B-3F23D1A117F9}.Release|Any CPU.Build.0 = Release|Any CPU
		{5594827D-565F-7F3D-E954-01FE64202123}.Debug|Any CPU.ActiveCfg = Debug|Any CPU
		{5594827D-565F-7F3D-E954-01FE64202123}.Debug|Any CPU.Build.0 = Debug|Any CPU
		{5594827D-565F-7F3D-E954-01FE64202123}.Release|Any CPU.ActiveCfg = Release|Any CPU
		{5594827D-565F-7F3D-E954-01FE64202123}.Release|Any CPU.Build.0 = Release|Any CPU
	EndGlobalSection
	GlobalSection(SolutionProperties) = preSolution
		HideSolutionNode = FALSE
	EndGlobalSection
EndGlobal
