<?xml version="1.0" encoding="utf-8"?>
<Project ToolsVersion="15.0" xmlns="http://schemas.microsoft.com/developer/msbuild/2003">
  <ItemGroup>
    <ClCompile Include="F:\gitHubCode\MixPool\DeliberatePractice\OpenGL\CookOpenGL\glfw-3.2.1\tests\sharing.c">
      <Filter>Source Files</Filter>
    </ClCompile>
    <ClCompile Include="F:\gitHubCode\MixPool\DeliberatePractice\OpenGL\CookOpenGL\glfw-3.2.1\deps\glad.c">
      <Filter>Source Files</Filter>
    </ClCompile>
  </ItemGroup>
  <ItemGroup>
    <ClInclude Include="F:\gitHubCode\MixPool\DeliberatePractice\OpenGL\CookOpenGL\glfw-3.2.1\deps\glad\glad.h">
      <Filter>Header Files</Filter>
    </ClInclude>
  </ItemGroup>
  <ItemGroup>
    <CustomBuild Include="F:\gitHubCode\MixPool\DeliberatePractice\OpenGL\CookOpenGL\glfw-3.2.1\tests\CMakeLists.txt" />
  </ItemGroup>
  <ItemGroup>
    <Filter Include="Header Files">
      <UniqueIdentifier>{51DED03B-6D09-3E27-8714-BAC11FEAABDF}</UniqueIdentifier>
    </Filter>
    <Filter Include="Source Files">
      <UniqueIdentifier>{ADBBF22C-AC70-31C0-B3ED-5B0579CE6457}</UniqueIdentifier>
    </Filter>
  </ItemGroup>
</Project>
