Microsoft Visual Studio Solution File, Format Version 12.00
# Visual Studio 15
Project("{2150E333-8FDC-42A3-9474-1A3956D46DE8}") = "CMakePredefinedTargets", "CMakePredefinedTargets", "{91EEE1EE-B4B5-394C-9022-6FD0762AF3F4}"
EndProject
Project("{2150E333-8FDC-42A3-9474-1A3956D46DE8}") = "GLFW3", "GLFW3", "{47FD13E9-8475-3337-9C37-DD715BC2743C}"
EndProject
Project("{2150E333-8FDC-42A3-9474-1A3956D46DE8}") = "Examples", "GLFW3\Examples", "{4F3C5284-FFC4-3049-A90C-E465B1A2F291}"
EndProject
Project("{2150E333-8FDC-42A3-9474-1A3956D46DE8}") = "Tests", "GLFW3\Tests", "{F5A69376-B3F7-3BB9-976F-EE335169D37E}"
EndProject
Project("{8BC9CEB8-8B4A-11D0-8D11-00A0C91BC942}") = "ALL_BUILD", "ALL_BUILD.vcxproj", "{4AA06BBD-28F7-3805-9930-23A810FEDB5D}"
	ProjectSection(ProjectDependencies) = postProject
		{D43397B8-E0ED-3B68-8397-B11B4D0ED565} = {D43397B8-E0ED-3B68-8397-B11B4D0ED565}
		{C18498F9-FC12-3329-AB33-E6FC05D58404} = {C18498F9-FC12-3329-AB33-E6FC05D58404}
		{784B1394-E749-3CF9-943B-5E08EF4B68CE} = {784B1394-E749-3CF9-943B-5E08EF4B68CE}
		{320E9F75-6275-3110-B6C5-9CA794097CAC} = {320E9F75-6275-3110-B6C5-9CA794097CAC}
		{EE0CF3F7-75CB-3837-8A77-0172360ECE1C} = {EE0CF3F7-75CB-3837-8A77-0172360ECE1C}
		{0314F89D-E3E6-3170-8533-D79B3B1EA9FA} = {0314F89D-E3E6-3170-8533-D79B3B1EA9FA}
		{B8966F43-9210-302B-84EC-5C649FE538E7} = {B8966F43-9210-302B-84EC-5C649FE538E7}
		{E9887192-D9EC-382D-900C-C77D21067EE8} = {E9887192-D9EC-382D-900C-C77D21067EE8}
		{559D4947-F424-3CFF-AD63-2947175CAD0A} = {559D4947-F424-3CFF-AD63-2947175CAD0A}
		{AC2DC8B6-7F77-3488-AE84-0CE94A11677C} = {AC2DC8B6-7F77-3488-AE84-0CE94A11677C}
		{AAACEF80-A51A-3A09-8B15-8288FF502B27} = {AAACEF80-A51A-3A09-8B15-8288FF502B27}
		{2E3E73A9-3FDE-3EB5-81E1-4F0E329150BD} = {2E3E73A9-3FDE-3EB5-81E1-4F0E329150BD}
		{C9DF643A-A73F-33A3-B4CF-D8A93EFEFA00} = {C9DF643A-A73F-33A3-B4CF-D8A93EFEFA00}
		{2B6F5681-C156-3E83-958C-6E8A3DF1EF51} = {2B6F5681-C156-3E83-958C-6E8A3DF1EF51}
		{652C558F-F6F2-339D-BF7C-13C8BF65725D} = {652C558F-F6F2-339D-BF7C-13C8BF65725D}
		{A0CC7854-C9D9-3696-A08E-2B585B730016} = {A0CC7854-C9D9-3696-A08E-2B585B730016}
		{715E7337-A213-3FF9-88FB-E9E634EB4BEE} = {715E7337-A213-3FF9-88FB-E9E634EB4BEE}
		{5C751A51-0D00-3976-BDF1-BED7F0ED07EC} = {5C751A51-0D00-3976-BDF1-BED7F0ED07EC}
		{6DFA9546-4585-3CEA-8BE8-B3AC42B955A1} = {6DFA9546-4585-3CEA-8BE8-B3AC42B955A1}
		{A1607A2F-6EBC-3C6F-BBB9-ED4BA215D752} = {A1607A2F-6EBC-3C6F-BBB9-ED4BA215D752}
		{1C20D5A4-ECF9-3046-B9DF-68FFCE33DDB6} = {1C20D5A4-ECF9-3046-B9DF-68FFCE33DDB6}
		{D91504EE-CDB2-3202-A54B-A52CB1105622} = {D91504EE-CDB2-3202-A54B-A52CB1105622}
		{01C48AA8-9A8E-36E6-BEEB-1E3902D48765} = {01C48AA8-9A8E-36E6-BEEB-1E3902D48765}
		{BF9209D3-BBA1-3478-B761-906C38FDD9B8} = {BF9209D3-BBA1-3478-B761-906C38FDD9B8}
		{FC8F3EC0-7F1A-3737-89BC-85871AE3EFE6} = {FC8F3EC0-7F1A-3737-89BC-85871AE3EFE6}
		{96993231-5E2E-3453-A4B6-43E634B6A1A0} = {96993231-5E2E-3453-A4B6-43E634B6A1A0}
		{8DC2F35C-1ADC-38CF-949E-DDE4577338E0} = {8DC2F35C-1ADC-38CF-949E-DDE4577338E0}
	EndProjectSection
EndProject
Project("{8BC9CEB8-8B4A-11D0-8D11-00A0C91BC942}") = "INSTALL", "INSTALL.vcxproj", "{2A5BF852-DEDA-3DEB-B9BA-3431E9F37BA2}"
	ProjectSection(ProjectDependencies) = postProject
		{4AA06BBD-28F7-3805-9930-23A810FEDB5D} = {4AA06BBD-28F7-3805-9930-23A810FEDB5D}
		{D43397B8-E0ED-3B68-8397-B11B4D0ED565} = {D43397B8-E0ED-3B68-8397-B11B4D0ED565}
	EndProjectSection
EndProject
Project("{8BC9CEB8-8B4A-11D0-8D11-00A0C91BC942}") = "ZERO_CHECK", "ZERO_CHECK.vcxproj", "{D43397B8-E0ED-3B68-8397-B11B4D0ED565}"
	ProjectSection(ProjectDependencies) = postProject
	EndProjectSection
EndProject
Project("{8BC9CEB8-8B4A-11D0-8D11-00A0C91BC942}") = "boing", "examples\boing.vcxproj", "{C18498F9-FC12-3329-AB33-E6FC05D58404}"
	ProjectSection(ProjectDependencies) = postProject
		{D43397B8-E0ED-3B68-8397-B11B4D0ED565} = {D43397B8-E0ED-3B68-8397-B11B4D0ED565}
		{559D4947-F424-3CFF-AD63-2947175CAD0A} = {559D4947-F424-3CFF-AD63-2947175CAD0A}
	EndProjectSection
EndProject
Project("{8BC9CEB8-8B4A-11D0-8D11-00A0C91BC942}") = "clipboard", "tests\clipboard.vcxproj", "{784B1394-E749-3CF9-943B-5E08EF4B68CE}"
	ProjectSection(ProjectDependencies) = postProject
		{D43397B8-E0ED-3B68-8397-B11B4D0ED565} = {D43397B8-E0ED-3B68-8397-B11B4D0ED565}
		{559D4947-F424-3CFF-AD63-2947175CAD0A} = {559D4947-F424-3CFF-AD63-2947175CAD0A}
	EndProjectSection
EndProject
Project("{8BC9CEB8-8B4A-11D0-8D11-00A0C91BC942}") = "cursor", "tests\cursor.vcxproj", "{320E9F75-6275-3110-B6C5-9CA794097CAC}"
	ProjectSection(ProjectDependencies) = postProject
		{D43397B8-E0ED-3B68-8397-B11B4D0ED565} = {D43397B8-E0ED-3B68-8397-B11B4D0ED565}
		{559D4947-F424-3CFF-AD63-2947175CAD0A} = {559D4947-F424-3CFF-AD63-2947175CAD0A}
	EndProjectSection
EndProject
Project("{8BC9CEB8-8B4A-11D0-8D11-00A0C91BC942}") = "empty", "tests\empty.vcxproj", "{EE0CF3F7-75CB-3837-8A77-0172360ECE1C}"
	ProjectSection(ProjectDependencies) = postProject
		{D43397B8-E0ED-3B68-8397-B11B4D0ED565} = {D43397B8-E0ED-3B68-8397-B11B4D0ED565}
		{559D4947-F424-3CFF-AD63-2947175CAD0A} = {559D4947-F424-3CFF-AD63-2947175CAD0A}
	EndProjectSection
EndProject
Project("{8BC9CEB8-8B4A-11D0-8D11-00A0C91BC942}") = "events", "tests\events.vcxproj", "{0314F89D-E3E6-3170-8533-D79B3B1EA9FA}"
	ProjectSection(ProjectDependencies) = postProject
		{D43397B8-E0ED-3B68-8397-B11B4D0ED565} = {D43397B8-E0ED-3B68-8397-B11B4D0ED565}
		{559D4947-F424-3CFF-AD63-2947175CAD0A} = {559D4947-F424-3CFF-AD63-2947175CAD0A}
	EndProjectSection
EndProject
Project("{8BC9CEB8-8B4A-11D0-8D11-00A0C91BC942}") = "gamma", "tests\gamma.vcxproj", "{B8966F43-9210-302B-84EC-5C649FE538E7}"
	ProjectSection(ProjectDependencies) = postProject
		{D43397B8-E0ED-3B68-8397-B11B4D0ED565} = {D43397B8-E0ED-3B68-8397-B11B4D0ED565}
		{559D4947-F424-3CFF-AD63-2947175CAD0A} = {559D4947-F424-3CFF-AD63-2947175CAD0A}
	EndProjectSection
EndProject
Project("{8BC9CEB8-8B4A-11D0-8D11-00A0C91BC942}") = "gears", "examples\gears.vcxproj", "{E9887192-D9EC-382D-900C-C77D21067EE8}"
	ProjectSection(ProjectDependencies) = postProject
		{D43397B8-E0ED-3B68-8397-B11B4D0ED565} = {D43397B8-E0ED-3B68-8397-B11B4D0ED565}
		{559D4947-F424-3CFF-AD63-2947175CAD0A} = {559D4947-F424-3CFF-AD63-2947175CAD0A}
	EndProjectSection
EndProject
Project("{8BC9CEB8-8B4A-11D0-8D11-00A0C91BC942}") = "glfw", "src\glfw.vcxproj", "{559D4947-F424-3CFF-AD63-2947175CAD0A}"
	ProjectSection(ProjectDependencies) = postProject
		{D43397B8-E0ED-3B68-8397-B11B4D0ED565} = {D43397B8-E0ED-3B68-8397-B11B4D0ED565}
	EndProjectSection
EndProject
Project("{8BC9CEB8-8B4A-11D0-8D11-00A0C91BC942}") = "glfwinfo", "tests\glfwinfo.vcxproj", "{AC2DC8B6-7F77-3488-AE84-0CE94A11677C}"
	ProjectSection(ProjectDependencies) = postProject
		{D43397B8-E0ED-3B68-8397-B11B4D0ED565} = {D43397B8-E0ED-3B68-8397-B11B4D0ED565}
		{559D4947-F424-3CFF-AD63-2947175CAD0A} = {559D4947-F424-3CFF-AD63-2947175CAD0A}
	EndProjectSection
EndProject
Project("{8BC9CEB8-8B4A-11D0-8D11-00A0C91BC942}") = "heightmap", "examples\heightmap.vcxproj", "{AAACEF80-A51A-3A09-8B15-8288FF502B27}"
	ProjectSection(ProjectDependencies) = postProject
		{D43397B8-E0ED-3B68-8397-B11B4D0ED565} = {D43397B8-E0ED-3B68-8397-B11B4D0ED565}
		{559D4947-F424-3CFF-AD63-2947175CAD0A} = {559D4947-F424-3CFF-AD63-2947175CAD0A}
	EndProjectSection
EndProject
Project("{8BC9CEB8-8B4A-11D0-8D11-00A0C91BC942}") = "icon", "tests\icon.vcxproj", "{2E3E73A9-3FDE-3EB5-81E1-4F0E329150BD}"
	ProjectSection(ProjectDependencies) = postProject
		{D43397B8-E0ED-3B68-8397-B11B4D0ED565} = {D43397B8-E0ED-3B68-8397-B11B4D0ED565}
		{559D4947-F424-3CFF-AD63-2947175CAD0A} = {559D4947-F424-3CFF-AD63-2947175CAD0A}
	EndProjectSection
EndProject
Project("{8BC9CEB8-8B4A-11D0-8D11-00A0C91BC942}") = "iconify", "tests\iconify.vcxproj", "{C9DF643A-A73F-33A3-B4CF-D8A93EFEFA00}"
	ProjectSection(ProjectDependencies) = postProject
		{D43397B8-E0ED-3B68-8397-B11B4D0ED565} = {D43397B8-E0ED-3B68-8397-B11B4D0ED565}
		{559D4947-F424-3CFF-AD63-2947175CAD0A} = {559D4947-F424-3CFF-AD63-2947175CAD0A}
	EndProjectSection
EndProject
Project("{8BC9CEB8-8B4A-11D0-8D11-00A0C91BC942}") = "joysticks", "tests\joysticks.vcxproj", "{2B6F5681-C156-3E83-958C-6E8A3DF1EF51}"
	ProjectSection(ProjectDependencies) = postProject
		{D43397B8-E0ED-3B68-8397-B11B4D0ED565} = {D43397B8-E0ED-3B68-8397-B11B4D0ED565}
		{559D4947-F424-3CFF-AD63-2947175CAD0A} = {559D4947-F424-3CFF-AD63-2947175CAD0A}
	EndProjectSection
EndProject
Project("{8BC9CEB8-8B4A-11D0-8D11-00A0C91BC942}") = "monitors", "tests\monitors.vcxproj", "{652C558F-F6F2-339D-BF7C-13C8BF65725D}"
	ProjectSection(ProjectDependencies) = postProject
		{D43397B8-E0ED-3B68-8397-B11B4D0ED565} = {D43397B8-E0ED-3B68-8397-B11B4D0ED565}
		{559D4947-F424-3CFF-AD63-2947175CAD0A} = {559D4947-F424-3CFF-AD63-2947175CAD0A}
	EndProjectSection
EndProject
Project("{8BC9CEB8-8B4A-11D0-8D11-00A0C91BC942}") = "msaa", "tests\msaa.vcxproj", "{A0CC7854-C9D9-3696-A08E-2B585B730016}"
	ProjectSection(ProjectDependencies) = postProject
		{D43397B8-E0ED-3B68-8397-B11B4D0ED565} = {D43397B8-E0ED-3B68-8397-B11B4D0ED565}
		{559D4947-F424-3CFF-AD63-2947175CAD0A} = {559D4947-F424-3CFF-AD63-2947175CAD0A}
	EndProjectSection
EndProject
Project("{8BC9CEB8-8B4A-11D0-8D11-00A0C91BC942}") = "particles", "examples\particles.vcxproj", "{715E7337-A213-3FF9-88FB-E9E634EB4BEE}"
	ProjectSection(ProjectDependencies) = postProject
		{D43397B8-E0ED-3B68-8397-B11B4D0ED565} = {D43397B8-E0ED-3B68-8397-B11B4D0ED565}
		{559D4947-F424-3CFF-AD63-2947175CAD0A} = {559D4947-F424-3CFF-AD63-2947175CAD0A}
	EndProjectSection
EndProject
Project("{8BC9CEB8-8B4A-11D0-8D11-00A0C91BC942}") = "reopen", "tests\reopen.vcxproj", "{5C751A51-0D00-3976-BDF1-BED7F0ED07EC}"
	ProjectSection(ProjectDependencies) = postProject
		{D43397B8-E0ED-3B68-8397-B11B4D0ED565} = {D43397B8-E0ED-3B68-8397-B11B4D0ED565}
		{559D4947-F424-3CFF-AD63-2947175CAD0A} = {559D4947-F424-3CFF-AD63-2947175CAD0A}
	EndProjectSection
EndProject
Project("{8BC9CEB8-8B4A-11D0-8D11-00A0C91BC942}") = "sharing", "tests\sharing.vcxproj", "{6DFA9546-4585-3CEA-8BE8-B3AC42B955A1}"
	ProjectSection(ProjectDependencies) = postProject
		{D43397B8-E0ED-3B68-8397-B11B4D0ED565} = {D43397B8-E0ED-3B68-8397-B11B4D0ED565}
		{559D4947-F424-3CFF-AD63-2947175CAD0A} = {559D4947-F424-3CFF-AD63-2947175CAD0A}
	EndProjectSection
EndProject
Project("{8BC9CEB8-8B4A-11D0-8D11-00A0C91BC942}") = "simple", "examples\simple.vcxproj", "{A1607A2F-6EBC-3C6F-BBB9-ED4BA215D752}"
	ProjectSection(ProjectDependencies) = postProject
		{D43397B8-E0ED-3B68-8397-B11B4D0ED565} = {D43397B8-E0ED-3B68-8397-B11B4D0ED565}
		{559D4947-F424-3CFF-AD63-2947175CAD0A} = {559D4947-F424-3CFF-AD63-2947175CAD0A}
	EndProjectSection
EndProject
Project("{8BC9CEB8-8B4A-11D0-8D11-00A0C91BC942}") = "splitview", "examples\splitview.vcxproj", "{1C20D5A4-ECF9-3046-B9DF-68FFCE33DDB6}"
	ProjectSection(ProjectDependencies) = postProject
		{D43397B8-E0ED-3B68-8397-B11B4D0ED565} = {D43397B8-E0ED-3B68-8397-B11B4D0ED565}
		{559D4947-F424-3CFF-AD63-2947175CAD0A} = {559D4947-F424-3CFF-AD63-2947175CAD0A}
	EndProjectSection
EndProject
Project("{8BC9CEB8-8B4A-11D0-8D11-00A0C91BC942}") = "tearing", "tests\tearing.vcxproj", "{D91504EE-CDB2-3202-A54B-A52CB1105622}"
	ProjectSection(ProjectDependencies) = postProject
		{D43397B8-E0ED-3B68-8397-B11B4D0ED565} = {D43397B8-E0ED-3B68-8397-B11B4D0ED565}
		{559D4947-F424-3CFF-AD63-2947175CAD0A} = {559D4947-F424-3CFF-AD63-2947175CAD0A}
	EndProjectSection
EndProject
Project("{8BC9CEB8-8B4A-11D0-8D11-00A0C91BC942}") = "threads", "tests\threads.vcxproj", "{01C48AA8-9A8E-36E6-BEEB-1E3902D48765}"
	ProjectSection(ProjectDependencies) = postProject
		{D43397B8-E0ED-3B68-8397-B11B4D0ED565} = {D43397B8-E0ED-3B68-8397-B11B4D0ED565}
		{559D4947-F424-3CFF-AD63-2947175CAD0A} = {559D4947-F424-3CFF-AD63-2947175CAD0A}
	EndProjectSection
EndProject
Project("{8BC9CEB8-8B4A-11D0-8D11-00A0C91BC942}") = "timeout", "tests\timeout.vcxproj", "{BF9209D3-BBA1-3478-B761-906C38FDD9B8}"
	ProjectSection(ProjectDependencies) = postProject
		{D43397B8-E0ED-3B68-8397-B11B4D0ED565} = {D43397B8-E0ED-3B68-8397-B11B4D0ED565}
		{559D4947-F424-3CFF-AD63-2947175CAD0A} = {559D4947-F424-3CFF-AD63-2947175CAD0A}
	EndProjectSection
EndProject
Project("{8BC9CEB8-8B4A-11D0-8D11-00A0C91BC942}") = "title", "tests\title.vcxproj", "{FC8F3EC0-7F1A-3737-89BC-85871AE3EFE6}"
	ProjectSection(ProjectDependencies) = postProject
		{D43397B8-E0ED-3B68-8397-B11B4D0ED565} = {D43397B8-E0ED-3B68-8397-B11B4D0ED565}
		{559D4947-F424-3CFF-AD63-2947175CAD0A} = {559D4947-F424-3CFF-AD63-2947175CAD0A}
	EndProjectSection
EndProject
Project("{8BC9CEB8-8B4A-11D0-8D11-00A0C91BC942}") = "uninstall", "uninstall.vcxproj", "{91236F20-8350-344C-AB64-0A11313903C1}"
	ProjectSection(ProjectDependencies) = postProject
		{D43397B8-E0ED-3B68-8397-B11B4D0ED565} = {D43397B8-E0ED-3B68-8397-B11B4D0ED565}
	EndProjectSection
EndProject
Project("{8BC9CEB8-8B4A-11D0-8D11-00A0C91BC942}") = "wave", "examples\wave.vcxproj", "{96993231-5E2E-3453-A4B6-43E634B6A1A0}"
	ProjectSection(ProjectDependencies) = postProject
		{D43397B8-E0ED-3B68-8397-B11B4D0ED565} = {D43397B8-E0ED-3B68-8397-B11B4D0ED565}
		{559D4947-F424-3CFF-AD63-2947175CAD0A} = {559D4947-F424-3CFF-AD63-2947175CAD0A}
	EndProjectSection
EndProject
Project("{8BC9CEB8-8B4A-11D0-8D11-00A0C91BC942}") = "windows", "tests\windows.vcxproj", "{8DC2F35C-1ADC-38CF-949E-DDE4577338E0}"
	ProjectSection(ProjectDependencies) = postProject
		{D43397B8-E0ED-3B68-8397-B11B4D0ED565} = {D43397B8-E0ED-3B68-8397-B11B4D0ED565}
		{559D4947-F424-3CFF-AD63-2947175CAD0A} = {559D4947-F424-3CFF-AD63-2947175CAD0A}
	EndProjectSection
EndProject
Global
	GlobalSection(SolutionConfigurationPlatforms) = preSolution
		Debug|Win32 = Debug|Win32
		Release|Win32 = Release|Win32
		MinSizeRel|Win32 = MinSizeRel|Win32
		RelWithDebInfo|Win32 = RelWithDebInfo|Win32
	EndGlobalSection
	GlobalSection(ProjectConfigurationPlatforms) = postSolution
		{4AA06BBD-28F7-3805-9930-23A810FEDB5D}.Debug|Win32.ActiveCfg = Debug|Win32
		{4AA06BBD-28F7-3805-9930-23A810FEDB5D}.Debug|Win32.Build.0 = Debug|Win32
		{4AA06BBD-28F7-3805-9930-23A810FEDB5D}.Release|Win32.ActiveCfg = Release|Win32
		{4AA06BBD-28F7-3805-9930-23A810FEDB5D}.Release|Win32.Build.0 = Release|Win32
		{4AA06BBD-28F7-3805-9930-23A810FEDB5D}.MinSizeRel|Win32.ActiveCfg = MinSizeRel|Win32
		{4AA06BBD-28F7-3805-9930-23A810FEDB5D}.MinSizeRel|Win32.Build.0 = MinSizeRel|Win32
		{4AA06BBD-28F7-3805-9930-23A810FEDB5D}.RelWithDebInfo|Win32.ActiveCfg = RelWithDebInfo|Win32
		{4AA06BBD-28F7-3805-9930-23A810FEDB5D}.RelWithDebInfo|Win32.Build.0 = RelWithDebInfo|Win32
		{2A5BF852-DEDA-3DEB-B9BA-3431E9F37BA2}.Debug|Win32.ActiveCfg = Debug|Win32
		{2A5BF852-DEDA-3DEB-B9BA-3431E9F37BA2}.Release|Win32.ActiveCfg = Release|Win32
		{2A5BF852-DEDA-3DEB-B9BA-3431E9F37BA2}.MinSizeRel|Win32.ActiveCfg = MinSizeRel|Win32
		{2A5BF852-DEDA-3DEB-B9BA-3431E9F37BA2}.RelWithDebInfo|Win32.ActiveCfg = RelWithDebInfo|Win32
		{D43397B8-E0ED-3B68-8397-B11B4D0ED565}.Debug|Win32.ActiveCfg = Debug|Win32
		{D43397B8-E0ED-3B68-8397-B11B4D0ED565}.Debug|Win32.Build.0 = Debug|Win32
		{D43397B8-E0ED-3B68-8397-B11B4D0ED565}.Release|Win32.ActiveCfg = Release|Win32
		{D43397B8-E0ED-3B68-8397-B11B4D0ED565}.Release|Win32.Build.0 = Release|Win32
		{D43397B8-E0ED-3B68-8397-B11B4D0ED565}.MinSizeRel|Win32.ActiveCfg = MinSizeRel|Win32
		{D43397B8-E0ED-3B68-8397-B11B4D0ED565}.MinSizeRel|Win32.Build.0 = MinSizeRel|Win32
		{D43397B8-E0ED-3B68-8397-B11B4D0ED565}.RelWithDebInfo|Win32.ActiveCfg = RelWithDebInfo|Win32
		{D43397B8-E0ED-3B68-8397-B11B4D0ED565}.RelWithDebInfo|Win32.Build.0 = RelWithDebInfo|Win32
		{C18498F9-FC12-3329-AB33-E6FC05D58404}.Debug|Win32.ActiveCfg = Debug|Win32
		{C18498F9-FC12-3329-AB33-E6FC05D58404}.Debug|Win32.Build.0 = Debug|Win32
		{C18498F9-FC12-3329-AB33-E6FC05D58404}.Release|Win32.ActiveCfg = Release|Win32
		{C18498F9-FC12-3329-AB33-E6FC05D58404}.Release|Win32.Build.0 = Release|Win32
		{C18498F9-FC12-3329-AB33-E6FC05D58404}.MinSizeRel|Win32.ActiveCfg = MinSizeRel|Win32
		{C18498F9-FC12-3329-AB33-E6FC05D58404}.MinSizeRel|Win32.Build.0 = MinSizeRel|Win32
		{C18498F9-FC12-3329-AB33-E6FC05D58404}.RelWithDebInfo|Win32.ActiveCfg = RelWithDebInfo|Win32
		{C18498F9-FC12-3329-AB33-E6FC05D58404}.RelWithDebInfo|Win32.Build.0 = RelWithDebInfo|Win32
		{784B1394-E749-3CF9-943B-5E08EF4B68CE}.Debug|Win32.ActiveCfg = Debug|Win32
		{784B1394-E749-3CF9-943B-5E08EF4B68CE}.Debug|Win32.Build.0 = Debug|Win32
		{784B1394-E749-3CF9-943B-5E08EF4B68CE}.Release|Win32.ActiveCfg = Release|Win32
		{784B1394-E749-3CF9-943B-5E08EF4B68CE}.Release|Win32.Build.0 = Release|Win32
		{784B1394-E749-3CF9-943B-5E08EF4B68CE}.MinSizeRel|Win32.ActiveCfg = MinSizeRel|Win32
		{784B1394-E749-3CF9-943B-5E08EF4B68CE}.MinSizeRel|Win32.Build.0 = MinSizeRel|Win32
		{784B1394-E749-3CF9-943B-5E08EF4B68CE}.RelWithDebInfo|Win32.ActiveCfg = RelWithDebInfo|Win32
		{784B1394-E749-3CF9-943B-5E08EF4B68CE}.RelWithDebInfo|Win32.Build.0 = RelWithDebInfo|Win32
		{320E9F75-6275-3110-B6C5-9CA794097CAC}.Debug|Win32.ActiveCfg = Debug|Win32
		{320E9F75-6275-3110-B6C5-9CA794097CAC}.Debug|Win32.Build.0 = Debug|Win32
		{320E9F75-6275-3110-B6C5-9CA794097CAC}.Release|Win32.ActiveCfg = Release|Win32
		{320E9F75-6275-3110-B6C5-9CA794097CAC}.Release|Win32.Build.0 = Release|Win32
		{320E9F75-6275-3110-B6C5-9CA794097CAC}.MinSizeRel|Win32.ActiveCfg = MinSizeRel|Win32
		{320E9F75-6275-3110-B6C5-9CA794097CAC}.MinSizeRel|Win32.Build.0 = MinSizeRel|Win32
		{320E9F75-6275-3110-B6C5-9CA794097CAC}.RelWithDebInfo|Win32.ActiveCfg = RelWithDebInfo|Win32
		{320E9F75-6275-3110-B6C5-9CA794097CAC}.RelWithDebInfo|Win32.Build.0 = RelWithDebInfo|Win32
		{EE0CF3F7-75CB-3837-8A77-0172360ECE1C}.Debug|Win32.ActiveCfg = Debug|Win32
		{EE0CF3F7-75CB-3837-8A77-0172360ECE1C}.Debug|Win32.Build.0 = Debug|Win32
		{EE0CF3F7-75CB-3837-8A77-0172360ECE1C}.Release|Win32.ActiveCfg = Release|Win32
		{EE0CF3F7-75CB-3837-8A77-0172360ECE1C}.Release|Win32.Build.0 = Release|Win32
		{EE0CF3F7-75CB-3837-8A77-0172360ECE1C}.MinSizeRel|Win32.ActiveCfg = MinSizeRel|Win32
		{EE0CF3F7-75CB-3837-8A77-0172360ECE1C}.MinSizeRel|Win32.Build.0 = MinSizeRel|Win32
		{EE0CF3F7-75CB-3837-8A77-0172360ECE1C}.RelWithDebInfo|Win32.ActiveCfg = RelWithDebInfo|Win32
		{EE0CF3F7-75CB-3837-8A77-0172360ECE1C}.RelWithDebInfo|Win32.Build.0 = RelWithDebInfo|Win32
		{0314F89D-E3E6-3170-8533-D79B3B1EA9FA}.Debug|Win32.ActiveCfg = Debug|Win32
		{0314F89D-E3E6-3170-8533-D79B3B1EA9FA}.Debug|Win32.Build.0 = Debug|Win32
		{0314F89D-E3E6-3170-8533-D79B3B1EA9FA}.Release|Win32.ActiveCfg = Release|Win32
		{0314F89D-E3E6-3170-8533-D79B3B1EA9FA}.Release|Win32.Build.0 = Release|Win32
		{0314F89D-E3E6-3170-8533-D79B3B1EA9FA}.MinSizeRel|Win32.ActiveCfg = MinSizeRel|Win32
		{0314F89D-E3E6-3170-8533-D79B3B1EA9FA}.MinSizeRel|Win32.Build.0 = MinSizeRel|Win32
		{0314F89D-E3E6-3170-8533-D79B3B1EA9FA}.RelWithDebInfo|Win32.ActiveCfg = RelWithDebInfo|Win32
		{0314F89D-E3E6-3170-8533-D79B3B1EA9FA}.RelWithDebInfo|Win32.Build.0 = RelWithDebInfo|Win32
		{B8966F43-9210-302B-84EC-5C649FE538E7}.Debug|Win32.ActiveCfg = Debug|Win32
		{B8966F43-9210-302B-84EC-5C649FE538E7}.Debug|Win32.Build.0 = Debug|Win32
		{B8966F43-9210-302B-84EC-5C649FE538E7}.Release|Win32.ActiveCfg = Release|Win32
		{B8966F43-9210-302B-84EC-5C649FE538E7}.Release|Win32.Build.0 = Release|Win32
		{B8966F43-9210-302B-84EC-5C649FE538E7}.MinSizeRel|Win32.ActiveCfg = MinSizeRel|Win32
		{B8966F43-9210-302B-84EC-5C649FE538E7}.MinSizeRel|Win32.Build.0 = MinSizeRel|Win32
		{B8966F43-9210-302B-84EC-5C649FE538E7}.RelWithDebInfo|Win32.ActiveCfg = RelWithDebInfo|Win32
		{B8966F43-9210-302B-84EC-5C649FE538E7}.RelWithDebInfo|Win32.Build.0 = RelWithDebInfo|Win32
		{E9887192-D9EC-382D-900C-C77D21067EE8}.Debug|Win32.ActiveCfg = Debug|Win32
		{E9887192-D9EC-382D-900C-C77D21067EE8}.Debug|Win32.Build.0 = Debug|Win32
		{E9887192-D9EC-382D-900C-C77D21067EE8}.Release|Win32.ActiveCfg = Release|Win32
		{E9887192-D9EC-382D-900C-C77D21067EE8}.Release|Win32.Build.0 = Release|Win32
		{E9887192-D9EC-382D-900C-C77D21067EE8}.MinSizeRel|Win32.ActiveCfg = MinSizeRel|Win32
		{E9887192-D9EC-382D-900C-C77D21067EE8}.MinSizeRel|Win32.Build.0 = MinSizeRel|Win32
		{E9887192-D9EC-382D-900C-C77D21067EE8}.RelWithDebInfo|Win32.ActiveCfg = RelWithDebInfo|Win32
		{E9887192-D9EC-382D-900C-C77D21067EE8}.RelWithDebInfo|Win32.Build.0 = RelWithDebInfo|Win32
		{559D4947-F424-3CFF-AD63-2947175CAD0A}.Debug|Win32.ActiveCfg = Debug|Win32
		{559D4947-F424-3CFF-AD63-2947175CAD0A}.Debug|Win32.Build.0 = Debug|Win32
		{559D4947-F424-3CFF-AD63-2947175CAD0A}.Release|Win32.ActiveCfg = Release|Win32
		{559D4947-F424-3CFF-AD63-2947175CAD0A}.Release|Win32.Build.0 = Release|Win32
		{559D4947-F424-3CFF-AD63-2947175CAD0A}.MinSizeRel|Win32.ActiveCfg = MinSizeRel|Win32
		{559D4947-F424-3CFF-AD63-2947175CAD0A}.MinSizeRel|Win32.Build.0 = MinSizeRel|Win32
		{559D4947-F424-3CFF-AD63-2947175CAD0A}.RelWithDebInfo|Win32.ActiveCfg = RelWithDebInfo|Win32
		{559D4947-F424-3CFF-AD63-2947175CAD0A}.RelWithDebInfo|Win32.Build.0 = RelWithDebInfo|Win32
		{AC2DC8B6-7F77-3488-AE84-0CE94A11677C}.Debug|Win32.ActiveCfg = Debug|Win32
		{AC2DC8B6-7F77-3488-AE84-0CE94A11677C}.Debug|Win32.Build.0 = Debug|Win32
		{AC2DC8B6-7F77-3488-AE84-0CE94A11677C}.Release|Win32.ActiveCfg = Release|Win32
		{AC2DC8B6-7F77-3488-AE84-0CE94A11677C}.Release|Win32.Build.0 = Release|Win32
		{AC2DC8B6-7F77-3488-AE84-0CE94A11677C}.MinSizeRel|Win32.ActiveCfg = MinSizeRel|Win32
		{AC2DC8B6-7F77-3488-AE84-0CE94A11677C}.MinSizeRel|Win32.Build.0 = MinSizeRel|Win32
		{AC2DC8B6-7F77-3488-AE84-0CE94A11677C}.RelWithDebInfo|Win32.ActiveCfg = RelWithDebInfo|Win32
		{AC2DC8B6-7F77-3488-AE84-0CE94A11677C}.RelWithDebInfo|Win32.Build.0 = RelWithDebInfo|Win32
		{AAACEF80-A51A-3A09-8B15-8288FF502B27}.Debug|Win32.ActiveCfg = Debug|Win32
		{AAACEF80-A51A-3A09-8B15-8288FF502B27}.Debug|Win32.Build.0 = Debug|Win32
		{AAACEF80-A51A-3A09-8B15-8288FF502B27}.Release|Win32.ActiveCfg = Release|Win32
		{AAACEF80-A51A-3A09-8B15-8288FF502B27}.Release|Win32.Build.0 = Release|Win32
		{AAACEF80-A51A-3A09-8B15-8288FF502B27}.MinSizeRel|Win32.ActiveCfg = MinSizeRel|Win32
		{AAACEF80-A51A-3A09-8B15-8288FF502B27}.MinSizeRel|Win32.Build.0 = MinSizeRel|Win32
		{AAACEF80-A51A-3A09-8B15-8288FF502B27}.RelWithDebInfo|Win32.ActiveCfg = RelWithDebInfo|Win32
		{AAACEF80-A51A-3A09-8B15-8288FF502B27}.RelWithDebInfo|Win32.Build.0 = RelWithDebInfo|Win32
		{2E3E73A9-3FDE-3EB5-81E1-4F0E329150BD}.Debug|Win32.ActiveCfg = Debug|Win32
		{2E3E73A9-3FDE-3EB5-81E1-4F0E329150BD}.Debug|Win32.Build.0 = Debug|Win32
		{2E3E73A9-3FDE-3EB5-81E1-4F0E329150BD}.Release|Win32.ActiveCfg = Release|Win32
		{2E3E73A9-3FDE-3EB5-81E1-4F0E329150BD}.Release|Win32.Build.0 = Release|Win32
		{2E3E73A9-3FDE-3EB5-81E1-4F0E329150BD}.MinSizeRel|Win32.ActiveCfg = MinSizeRel|Win32
		{2E3E73A9-3FDE-3EB5-81E1-4F0E329150BD}.MinSizeRel|Win32.Build.0 = MinSizeRel|Win32
		{2E3E73A9-3FDE-3EB5-81E1-4F0E329150BD}.RelWithDebInfo|Win32.ActiveCfg = RelWithDebInfo|Win32
		{2E3E73A9-3FDE-3EB5-81E1-4F0E329150BD}.RelWithDebInfo|Win32.Build.0 = RelWithDebInfo|Win32
		{C9DF643A-A73F-33A3-B4CF-D8A93EFEFA00}.Debug|Win32.ActiveCfg = Debug|Win32
		{C9DF643A-A73F-33A3-B4CF-D8A93EFEFA00}.Debug|Win32.Build.0 = Debug|Win32
		{C9DF643A-A73F-33A3-B4CF-D8A93EFEFA00}.Release|Win32.ActiveCfg = Release|Win32
		{C9DF643A-A73F-33A3-B4CF-D8A93EFEFA00}.Release|Win32.Build.0 = Release|Win32
		{C9DF643A-A73F-33A3-B4CF-D8A93EFEFA00}.MinSizeRel|Win32.ActiveCfg = MinSizeRel|Win32
		{C9DF643A-A73F-33A3-B4CF-D8A93EFEFA00}.MinSizeRel|Win32.Build.0 = MinSizeRel|Win32
		{C9DF643A-A73F-33A3-B4CF-D8A93EFEFA00}.RelWithDebInfo|Win32.ActiveCfg = RelWithDebInfo|Win32
		{C9DF643A-A73F-33A3-B4CF-D8A93EFEFA00}.RelWithDebInfo|Win32.Build.0 = RelWithDebInfo|Win32
		{2B6F5681-C156-3E83-958C-6E8A3DF1EF51}.Debug|Win32.ActiveCfg = Debug|Win32
		{2B6F5681-C156-3E83-958C-6E8A3DF1EF51}.Debug|Win32.Build.0 = Debug|Win32
		{2B6F5681-C156-3E83-958C-6E8A3DF1EF51}.Release|Win32.ActiveCfg = Release|Win32
		{2B6F5681-C156-3E83-958C-6E8A3DF1EF51}.Release|Win32.Build.0 = Release|Win32
		{2B6F5681-C156-3E83-958C-6E8A3DF1EF51}.MinSizeRel|Win32.ActiveCfg = MinSizeRel|Win32
		{2B6F5681-C156-3E83-958C-6E8A3DF1EF51}.MinSizeRel|Win32.Build.0 = MinSizeRel|Win32
		{2B6F5681-C156-3E83-958C-6E8A3DF1EF51}.RelWithDebInfo|Win32.ActiveCfg = RelWithDebInfo|Win32
		{2B6F5681-C156-3E83-958C-6E8A3DF1EF51}.RelWithDebInfo|Win32.Build.0 = RelWithDebInfo|Win32
		{652C558F-F6F2-339D-BF7C-13C8BF65725D}.Debug|Win32.ActiveCfg = Debug|Win32
		{652C558F-F6F2-339D-BF7C-13C8BF65725D}.Debug|Win32.Build.0 = Debug|Win32
		{652C558F-F6F2-339D-BF7C-13C8BF65725D}.Release|Win32.ActiveCfg = Release|Win32
		{652C558F-F6F2-339D-BF7C-13C8BF65725D}.Release|Win32.Build.0 = Release|Win32
		{652C558F-F6F2-339D-BF7C-13C8BF65725D}.MinSizeRel|Win32.ActiveCfg = MinSizeRel|Win32
		{652C558F-F6F2-339D-BF7C-13C8BF65725D}.MinSizeRel|Win32.Build.0 = MinSizeRel|Win32
		{652C558F-F6F2-339D-BF7C-13C8BF65725D}.RelWithDebInfo|Win32.ActiveCfg = RelWithDebInfo|Win32
		{652C558F-F6F2-339D-BF7C-13C8BF65725D}.RelWithDebInfo|Win32.Build.0 = RelWithDebInfo|Win32
		{A0CC7854-C9D9-3696-A08E-2B585B730016}.Debug|Win32.ActiveCfg = Debug|Win32
		{A0CC7854-C9D9-3696-A08E-2B585B730016}.Debug|Win32.Build.0 = Debug|Win32
		{A0CC7854-C9D9-3696-A08E-2B585B730016}.Release|Win32.ActiveCfg = Release|Win32
		{A0CC7854-C9D9-3696-A08E-2B585B730016}.Release|Win32.Build.0 = Release|Win32
		{A0CC7854-C9D9-3696-A08E-2B585B730016}.MinSizeRel|Win32.ActiveCfg = MinSizeRel|Win32
		{A0CC7854-C9D9-3696-A08E-2B585B730016}.MinSizeRel|Win32.Build.0 = MinSizeRel|Win32
		{A0CC7854-C9D9-3696-A08E-2B585B730016}.RelWithDebInfo|Win32.ActiveCfg = RelWithDebInfo|Win32
		{A0CC7854-C9D9-3696-A08E-2B585B730016}.RelWithDebInfo|Win32.Build.0 = RelWithDebInfo|Win32
		{715E7337-A213-3FF9-88FB-E9E634EB4BEE}.Debug|Win32.ActiveCfg = Debug|Win32
		{715E7337-A213-3FF9-88FB-E9E634EB4BEE}.Debug|Win32.Build.0 = Debug|Win32
		{715E7337-A213-3FF9-88FB-E9E634EB4BEE}.Release|Win32.ActiveCfg = Release|Win32
		{715E7337-A213-3FF9-88FB-E9E634EB4BEE}.Release|Win32.Build.0 = Release|Win32
		{715E7337-A213-3FF9-88FB-E9E634EB4BEE}.MinSizeRel|Win32.ActiveCfg = MinSizeRel|Win32
		{715E7337-A213-3FF9-88FB-E9E634EB4BEE}.MinSizeRel|Win32.Build.0 = MinSizeRel|Win32
		{715E7337-A213-3FF9-88FB-E9E634EB4BEE}.RelWithDebInfo|Win32.ActiveCfg = RelWithDebInfo|Win32
		{715E7337-A213-3FF9-88FB-E9E634EB4BEE}.RelWithDebInfo|Win32.Build.0 = RelWithDebInfo|Win32
		{5C751A51-0D00-3976-BDF1-BED7F0ED07EC}.Debug|Win32.ActiveCfg = Debug|Win32
		{5C751A51-0D00-3976-BDF1-BED7F0ED07EC}.Debug|Win32.Build.0 = Debug|Win32
		{5C751A51-0D00-3976-BDF1-BED7F0ED07EC}.Release|Win32.ActiveCfg = Release|Win32
		{5C751A51-0D00-3976-BDF1-BED7F0ED07EC}.Release|Win32.Build.0 = Release|Win32
		{5C751A51-0D00-3976-BDF1-BED7F0ED07EC}.MinSizeRel|Win32.ActiveCfg = MinSizeRel|Win32
		{5C751A51-0D00-3976-BDF1-BED7F0ED07EC}.MinSizeRel|Win32.Build.0 = MinSizeRel|Win32
		{5C751A51-0D00-3976-BDF1-BED7F0ED07EC}.RelWithDebInfo|Win32.ActiveCfg = RelWithDebInfo|Win32
		{5C751A51-0D00-3976-BDF1-BED7F0ED07EC}.RelWithDebInfo|Win32.Build.0 = RelWithDebInfo|Win32
		{6DFA9546-4585-3CEA-8BE8-B3AC42B955A1}.Debug|Win32.ActiveCfg = Debug|Win32
		{6DFA9546-4585-3CEA-8BE8-B3AC42B955A1}.Debug|Win32.Build.0 = Debug|Win32
		{6DFA9546-4585-3CEA-8BE8-B3AC42B955A1}.Release|Win32.ActiveCfg = Release|Win32
		{6DFA9546-4585-3CEA-8BE8-B3AC42B955A1}.Release|Win32.Build.0 = Release|Win32
		{6DFA9546-4585-3CEA-8BE8-B3AC42B955A1}.MinSizeRel|Win32.ActiveCfg = MinSizeRel|Win32
		{6DFA9546-4585-3CEA-8BE8-B3AC42B955A1}.MinSizeRel|Win32.Build.0 = MinSizeRel|Win32
		{6DFA9546-4585-3CEA-8BE8-B3AC42B955A1}.RelWithDebInfo|Win32.ActiveCfg = RelWithDebInfo|Win32
		{6DFA9546-4585-3CEA-8BE8-B3AC42B955A1}.RelWithDebInfo|Win32.Build.0 = RelWithDebInfo|Win32
		{A1607A2F-6EBC-3C6F-BBB9-ED4BA215D752}.Debug|Win32.ActiveCfg = Debug|Win32
		{A1607A2F-6EBC-3C6F-BBB9-ED4BA215D752}.Debug|Win32.Build.0 = Debug|Win32
		{A1607A2F-6EBC-3C6F-BBB9-ED4BA215D752}.Release|Win32.ActiveCfg = Release|Win32
		{A1607A2F-6EBC-3C6F-BBB9-ED4BA215D752}.Release|Win32.Build.0 = Release|Win32
		{A1607A2F-6EBC-3C6F-BBB9-ED4BA215D752}.MinSizeRel|Win32.ActiveCfg = MinSizeRel|Win32
		{A1607A2F-6EBC-3C6F-BBB9-ED4BA215D752}.MinSizeRel|Win32.Build.0 = MinSizeRel|Win32
		{A1607A2F-6EBC-3C6F-BBB9-ED4BA215D752}.RelWithDebInfo|Win32.ActiveCfg = RelWithDebInfo|Win32
		{A1607A2F-6EBC-3C6F-BBB9-ED4BA215D752}.RelWithDebInfo|Win32.Build.0 = RelWithDebInfo|Win32
		{1C20D5A4-ECF9-3046-B9DF-68FFCE33DDB6}.Debug|Win32.ActiveCfg = Debug|Win32
		{1C20D5A4-ECF9-3046-B9DF-68FFCE33DDB6}.Debug|Win32.Build.0 = Debug|Win32
		{1C20D5A4-ECF9-3046-B9DF-68FFCE33DDB6}.Release|Win32.ActiveCfg = Release|Win32
		{1C20D5A4-ECF9-3046-B9DF-68FFCE33DDB6}.Release|Win32.Build.0 = Release|Win32
		{1C20D5A4-ECF9-3046-B9DF-68FFCE33DDB6}.MinSizeRel|Win32.ActiveCfg = MinSizeRel|Win32
		{1C20D5A4-ECF9-3046-B9DF-68FFCE33DDB6}.MinSizeRel|Win32.Build.0 = MinSizeRel|Win32
		{1C20D5A4-ECF9-3046-B9DF-68FFCE33DDB6}.RelWithDebInfo|Win32.ActiveCfg = RelWithDebInfo|Win32
		{1C20D5A4-ECF9-3046-B9DF-68FFCE33DDB6}.RelWithDebInfo|Win32.Build.0 = RelWithDebInfo|Win32
		{D91504EE-CDB2-3202-A54B-A52CB1105622}.Debug|Win32.ActiveCfg = Debug|Win32
		{D91504EE-CDB2-3202-A54B-A52CB1105622}.Debug|Win32.Build.0 = Debug|Win32
		{D91504EE-CDB2-3202-A54B-A52CB1105622}.Release|Win32.ActiveCfg = Release|Win32
		{D91504EE-CDB2-3202-A54B-A52CB1105622}.Release|Win32.Build.0 = Release|Win32
		{D91504EE-CDB2-3202-A54B-A52CB1105622}.MinSizeRel|Win32.ActiveCfg = MinSizeRel|Win32
		{D91504EE-CDB2-3202-A54B-A52CB1105622}.MinSizeRel|Win32.Build.0 = MinSizeRel|Win32
		{D91504EE-CDB2-3202-A54B-A52CB1105622}.RelWithDebInfo|Win32.ActiveCfg = RelWithDebInfo|Win32
		{D91504EE-CDB2-3202-A54B-A52CB1105622}.RelWithDebInfo|Win32.Build.0 = RelWithDebInfo|Win32
		{01C48AA8-9A8E-36E6-BEEB-1E3902D48765}.Debug|Win32.ActiveCfg = Debug|Win32
		{01C48AA8-9A8E-36E6-BEEB-1E3902D48765}.Debug|Win32.Build.0 = Debug|Win32
		{01C48AA8-9A8E-36E6-BEEB-1E3902D48765}.Release|Win32.ActiveCfg = Release|Win32
		{01C48AA8-9A8E-36E6-BEEB-1E3902D48765}.Release|Win32.Build.0 = Release|Win32
		{01C48AA8-9A8E-36E6-BEEB-1E3902D48765}.MinSizeRel|Win32.ActiveCfg = MinSizeRel|Win32
		{01C48AA8-9A8E-36E6-BEEB-1E3902D48765}.MinSizeRel|Win32.Build.0 = MinSizeRel|Win32
		{01C48AA8-9A8E-36E6-BEEB-1E3902D48765}.RelWithDebInfo|Win32.ActiveCfg = RelWithDebInfo|Win32
		{01C48AA8-9A8E-36E6-BEEB-1E3902D48765}.RelWithDebInfo|Win32.Build.0 = RelWithDebInfo|Win32
		{BF9209D3-BBA1-3478-B761-906C38FDD9B8}.Debug|Win32.ActiveCfg = Debug|Win32
		{BF9209D3-BBA1-3478-B761-906C38FDD9B8}.Debug|Win32.Build.0 = Debug|Win32
		{BF9209D3-BBA1-3478-B761-906C38FDD9B8}.Release|Win32.ActiveCfg = Release|Win32
		{BF9209D3-BBA1-3478-B761-906C38FDD9B8}.Release|Win32.Build.0 = Release|Win32
		{BF9209D3-BBA1-3478-B761-906C38FDD9B8}.MinSizeRel|Win32.ActiveCfg = MinSizeRel|Win32
		{BF9209D3-BBA1-3478-B761-906C38FDD9B8}.MinSizeRel|Win32.Build.0 = MinSizeRel|Win32
		{BF9209D3-BBA1-3478-B761-906C38FDD9B8}.RelWithDebInfo|Win32.ActiveCfg = RelWithDebInfo|Win32
		{BF9209D3-BBA1-3478-B761-906C38FDD9B8}.RelWithDebInfo|Win32.Build.0 = RelWithDebInfo|Win32
		{FC8F3EC0-7F1A-3737-89BC-85871AE3EFE6}.Debug|Win32.ActiveCfg = Debug|Win32
		{FC8F3EC0-7F1A-3737-89BC-85871AE3EFE6}.Debug|Win32.Build.0 = Debug|Win32
		{FC8F3EC0-7F1A-3737-89BC-85871AE3EFE6}.Release|Win32.ActiveCfg = Release|Win32
		{FC8F3EC0-7F1A-3737-89BC-85871AE3EFE6}.Release|Win32.Build.0 = Release|Win32
		{FC8F3EC0-7F1A-3737-89BC-85871AE3EFE6}.MinSizeRel|Win32.ActiveCfg = MinSizeRel|Win32
		{FC8F3EC0-7F1A-3737-89BC-85871AE3EFE6}.MinSizeRel|Win32.Build.0 = MinSizeRel|Win32
		{FC8F3EC0-7F1A-3737-89BC-85871AE3EFE6}.RelWithDebInfo|Win32.ActiveCfg = RelWithDebInfo|Win32
		{FC8F3EC0-7F1A-3737-89BC-85871AE3EFE6}.RelWithDebInfo|Win32.Build.0 = RelWithDebInfo|Win32
		{91236F20-8350-344C-AB64-0A11313903C1}.Debug|Win32.ActiveCfg = Debug|Win32
		{91236F20-8350-344C-AB64-0A11313903C1}.Release|Win32.ActiveCfg = Release|Win32
		{91236F20-8350-344C-AB64-0A11313903C1}.MinSizeRel|Win32.ActiveCfg = MinSizeRel|Win32
		{91236F20-8350-344C-AB64-0A11313903C1}.RelWithDebInfo|Win32.ActiveCfg = RelWithDebInfo|Win32
		{96993231-5E2E-3453-A4B6-43E634B6A1A0}.Debug|Win32.ActiveCfg = Debug|Win32
		{96993231-5E2E-3453-A4B6-43E634B6A1A0}.Debug|Win32.Build.0 = Debug|Win32
		{96993231-5E2E-3453-A4B6-43E634B6A1A0}.Release|Win32.ActiveCfg = Release|Win32
		{96993231-5E2E-3453-A4B6-43E634B6A1A0}.Release|Win32.Build.0 = Release|Win32
		{96993231-5E2E-3453-A4B6-43E634B6A1A0}.MinSizeRel|Win32.ActiveCfg = MinSizeRel|Win32
		{96993231-5E2E-3453-A4B6-43E634B6A1A0}.MinSizeRel|Win32.Build.0 = MinSizeRel|Win32
		{96993231-5E2E-3453-A4B6-43E634B6A1A0}.RelWithDebInfo|Win32.ActiveCfg = RelWithDebInfo|Win32
		{96993231-5E2E-3453-A4B6-43E634B6A1A0}.RelWithDebInfo|Win32.Build.0 = RelWithDebInfo|Win32
		{8DC2F35C-1ADC-38CF-949E-DDE4577338E0}.Debug|Win32.ActiveCfg = Debug|Win32
		{8DC2F35C-1ADC-38CF-949E-DDE4577338E0}.Debug|Win32.Build.0 = Debug|Win32
		{8DC2F35C-1ADC-38CF-949E-DDE4577338E0}.Release|Win32.ActiveCfg = Release|Win32
		{8DC2F35C-1ADC-38CF-949E-DDE4577338E0}.Release|Win32.Build.0 = Release|Win32
		{8DC2F35C-1ADC-38CF-949E-DDE4577338E0}.MinSizeRel|Win32.ActiveCfg = MinSizeRel|Win32
		{8DC2F35C-1ADC-38CF-949E-DDE4577338E0}.MinSizeRel|Win32.Build.0 = MinSizeRel|Win32
		{8DC2F35C-1ADC-38CF-949E-DDE4577338E0}.RelWithDebInfo|Win32.ActiveCfg = RelWithDebInfo|Win32
		{8DC2F35C-1ADC-38CF-949E-DDE4577338E0}.RelWithDebInfo|Win32.Build.0 = RelWithDebInfo|Win32
	EndGlobalSection
	GlobalSection(NestedProjects) = preSolution
		{4AA06BBD-28F7-3805-9930-23A810FEDB5D} = {91EEE1EE-B4B5-394C-9022-6FD0762AF3F4}
		{2A5BF852-DEDA-3DEB-B9BA-3431E9F37BA2} = {91EEE1EE-B4B5-394C-9022-6FD0762AF3F4}
		{D43397B8-E0ED-3B68-8397-B11B4D0ED565} = {91EEE1EE-B4B5-394C-9022-6FD0762AF3F4}
		{4F3C5284-FFC4-3049-A90C-E465B1A2F291} = {47FD13E9-8475-3337-9C37-DD715BC2743C}
		{F5A69376-B3F7-3BB9-976F-EE335169D37E} = {47FD13E9-8475-3337-9C37-DD715BC2743C}
		{559D4947-F424-3CFF-AD63-2947175CAD0A} = {47FD13E9-8475-3337-9C37-DD715BC2743C}
		{C18498F9-FC12-3329-AB33-E6FC05D58404} = {4F3C5284-FFC4-3049-A90C-E465B1A2F291}
		{E9887192-D9EC-382D-900C-C77D21067EE8} = {4F3C5284-FFC4-3049-A90C-E465B1A2F291}
		{AAACEF80-A51A-3A09-8B15-8288FF502B27} = {4F3C5284-FFC4-3049-A90C-E465B1A2F291}
		{715E7337-A213-3FF9-88FB-E9E634EB4BEE} = {4F3C5284-FFC4-3049-A90C-E465B1A2F291}
		{A1607A2F-6EBC-3C6F-BBB9-ED4BA215D752} = {4F3C5284-FFC4-3049-A90C-E465B1A2F291}
		{1C20D5A4-ECF9-3046-B9DF-68FFCE33DDB6} = {4F3C5284-FFC4-3049-A90C-E465B1A2F291}
		{96993231-5E2E-3453-A4B6-43E634B6A1A0} = {4F3C5284-FFC4-3049-A90C-E465B1A2F291}
		{784B1394-E749-3CF9-943B-5E08EF4B68CE} = {F5A69376-B3F7-3BB9-976F-EE335169D37E}
		{320E9F75-6275-3110-B6C5-9CA794097CAC} = {F5A69376-B3F7-3BB9-976F-EE335169D37E}
		{EE0CF3F7-75CB-3837-8A77-0172360ECE1C} = {F5A69376-B3F7-3BB9-976F-EE335169D37E}
		{0314F89D-E3E6-3170-8533-D79B3B1EA9FA} = {F5A69376-B3F7-3BB9-976F-EE335169D37E}
		{B8966F43-9210-302B-84EC-5C649FE538E7} = {F5A69376-B3F7-3BB9-976F-EE335169D37E}
		{AC2DC8B6-7F77-3488-AE84-0CE94A11677C} = {F5A69376-B3F7-3BB9-976F-EE335169D37E}
		{2E3E73A9-3FDE-3EB5-81E1-4F0E329150BD} = {F5A69376-B3F7-3BB9-976F-EE335169D37E}
		{C9DF643A-A73F-33A3-B4CF-D8A93EFEFA00} = {F5A69376-B3F7-3BB9-976F-EE335169D37E}
		{2B6F5681-C156-3E83-958C-6E8A3DF1EF51} = {F5A69376-B3F7-3BB9-976F-EE335169D37E}
		{652C558F-F6F2-339D-BF7C-13C8BF65725D} = {F5A69376-B3F7-3BB9-976F-EE335169D37E}
		{A0CC7854-C9D9-3696-A08E-2B585B730016} = {F5A69376-B3F7-3BB9-976F-EE335169D37E}
		{5C751A51-0D00-3976-BDF1-BED7F0ED07EC} = {F5A69376-B3F7-3BB9-976F-EE335169D37E}
		{6DFA9546-4585-3CEA-8BE8-B3AC42B955A1} = {F5A69376-B3F7-3BB9-976F-EE335169D37E}
		{D91504EE-CDB2-3202-A54B-A52CB1105622} = {F5A69376-B3F7-3BB9-976F-EE335169D37E}
		{01C48AA8-9A8E-36E6-BEEB-1E3902D48765} = {F5A69376-B3F7-3BB9-976F-EE335169D37E}
		{BF9209D3-BBA1-3478-B761-906C38FDD9B8} = {F5A69376-B3F7-3BB9-976F-EE335169D37E}
		{FC8F3EC0-7F1A-3737-89BC-85871AE3EFE6} = {F5A69376-B3F7-3BB9-976F-EE335169D37E}
		{8DC2F35C-1ADC-38CF-949E-DDE4577338E0} = {F5A69376-B3F7-3BB9-976F-EE335169D37E}
	EndGlobalSection
	GlobalSection(ExtensibilityGlobals) = postSolution
		SolutionGuid = {8225FF0F-214E-319C-BADD-20E76FB46DAA}
	EndGlobalSection
	GlobalSection(ExtensibilityAddIns) = postSolution
	EndGlobalSection
EndGlobal
