Microsoft Visual Studio Solution File, Format Version 12.00
# Visual Studio 15
Project("{8BC9CEB8-8B4A-11D0-8D11-00A0C91BC942}") = "ALL_BUILD", "ALL_BUILD.vcxproj", "{9053D8F2-BD25-3C8A-BBB5-40197884A6E8}"
	ProjectSection(ProjectDependencies) = postProject
		{3033413F-A865-3CC1-B1FC-87BA44CD3EC9} = {3033413F-A865-3CC1-B1FC-87BA44CD3EC9}
		{47851F9E-5A04-383D-BE6A-9D7D828EB51C} = {47851F9E-5A04-383D-BE6A-9D7D828EB51C}
		{FA1491A6-B7A0-397A-BF98-ACDE79F79E7D} = {FA1491A6-B7A0-397A-BF98-ACDE79F79E7D}
		{FC298195-DF4F-380A-B757-81B80A0783FB} = {FC298195-DF4F-380A-B757-81B80A0783FB}
		{E79E6235-7871-3E5B-B2A1-D4DC338AF510} = {E79E6235-7871-3E5B-B2A1-D4DC338AF510}
		{7D5A6D1E-130A-37BF-9607-66A0B9844FD7} = {7D5A6D1E-130A-37BF-9607-66A0B9844FD7}
		{48A3B5A8-3408-3ECE-BED9-F43CC605BE34} = {48A3B5A8-3408-3ECE-BED9-F43CC605BE34}
		{FFBCE11B-2FB0-3AE5-95A8-51951D300D61} = {FFBCE11B-2FB0-3AE5-95A8-51951D300D61}
		{8D76FF69-C23D-3638-9BDA-E0610D274D50} = {8D76FF69-C23D-3638-9BDA-E0610D274D50}
		{F3B84E7F-733E-3180-A733-6161840A80D8} = {F3B84E7F-733E-3180-A733-6161840A80D8}
		{6DD9FE52-C469-31E1-B687-364473CFE8AF} = {6DD9FE52-C469-31E1-B687-364473CFE8AF}
		{C657616A-32B8-3A46-ADC3-E7DE70712429} = {C657616A-32B8-3A46-ADC3-E7DE70712429}
		{9972AB82-4EEB-3543-99B1-77F59A03382B} = {9972AB82-4EEB-3543-99B1-77F59A03382B}
		{19B04484-2A67-3ED4-A02A-641E292F5D72} = {19B04484-2A67-3ED4-A02A-641E292F5D72}
		{5833DE03-A30E-3DB9-A7CB-8B080C3A1763} = {5833DE03-A30E-3DB9-A7CB-8B080C3A1763}
		{DCE67438-AC4C-3D18-B75E-C5C75875FD58} = {DCE67438-AC4C-3D18-B75E-C5C75875FD58}
		{C5A05638-45F1-335B-9242-EE175F43D0E8} = {C5A05638-45F1-335B-9242-EE175F43D0E8}
		{C7D2EA63-9592-3C2B-8856-DCA037D71A79} = {C7D2EA63-9592-3C2B-8856-DCA037D71A79}
		{8A666C33-0232-301A-939F-FAB098F5604A} = {8A666C33-0232-301A-939F-FAB098F5604A}
		{BC27CBAC-6832-35B0-AA9D-E0FC4497F188} = {BC27CBAC-6832-35B0-AA9D-E0FC4497F188}
		{8D7B5FFF-FBFE-3F4D-A620-CBF7B01987DF} = {8D7B5FFF-FBFE-3F4D-A620-CBF7B01987DF}
		{F62AE991-6A71-309A-8B3B-870D9F7A7A8C} = {F62AE991-6A71-309A-8B3B-870D9F7A7A8C}
		{E8F2995A-03B0-3431-AA13-DB9E657BA0BB} = {E8F2995A-03B0-3431-AA13-DB9E657BA0BB}
		{B9448C36-748A-3D25-AD3E-5BD3E70779B0} = {B9448C36-748A-3D25-AD3E-5BD3E70779B0}
		{D1A28AD0-B1B4-37DD-B39A-9B15BD1E033A} = {D1A28AD0-B1B4-37DD-B39A-9B15BD1E033A}
	EndProjectSection
EndProject
Project("{8BC9CEB8-8B4A-11D0-8D11-00A0C91BC942}") = "CallbackMaker", "CallbackMaker.vcxproj", "{3033413F-A865-3CC1-B1FC-87BA44CD3EC9}"
	ProjectSection(ProjectDependencies) = postProject
		{9972AB82-4EEB-3543-99B1-77F59A03382B} = {9972AB82-4EEB-3543-99B1-77F59A03382B}
		{19B04484-2A67-3ED4-A02A-641E292F5D72} = {19B04484-2A67-3ED4-A02A-641E292F5D72}
	EndProjectSection
EndProject
Project("{8BC9CEB8-8B4A-11D0-8D11-00A0C91BC942}") = "CallbackMaker_static", "CallbackMaker_static.vcxproj", "{47851F9E-5A04-383D-BE6A-9D7D828EB51C}"
	ProjectSection(ProjectDependencies) = postProject
		{9972AB82-4EEB-3543-99B1-77F59A03382B} = {9972AB82-4EEB-3543-99B1-77F59A03382B}
		{5833DE03-A30E-3DB9-A7CB-8B080C3A1763} = {5833DE03-A30E-3DB9-A7CB-8B080C3A1763}
	EndProjectSection
EndProject
Project("{8BC9CEB8-8B4A-11D0-8D11-00A0C91BC942}") = "Fractals", "Fractals.vcxproj", "{FA1491A6-B7A0-397A-BF98-ACDE79F79E7D}"
	ProjectSection(ProjectDependencies) = postProject
		{9972AB82-4EEB-3543-99B1-77F59A03382B} = {9972AB82-4EEB-3543-99B1-77F59A03382B}
		{19B04484-2A67-3ED4-A02A-641E292F5D72} = {19B04484-2A67-3ED4-A02A-641E292F5D72}
	EndProjectSection
EndProject
Project("{8BC9CEB8-8B4A-11D0-8D11-00A0C91BC942}") = "Fractals_random", "Fractals_random.vcxproj", "{FC298195-DF4F-380A-B757-81B80A0783FB}"
	ProjectSection(ProjectDependencies) = postProject
		{9972AB82-4EEB-3543-99B1-77F59A03382B} = {9972AB82-4EEB-3543-99B1-77F59A03382B}
		{19B04484-2A67-3ED4-A02A-641E292F5D72} = {19B04484-2A67-3ED4-A02A-641E292F5D72}
	EndProjectSection
EndProject
Project("{8BC9CEB8-8B4A-11D0-8D11-00A0C91BC942}") = "Fractals_random_static", "Fractals_random_static.vcxproj", "{E79E6235-7871-3E5B-B2A1-D4DC338AF510}"
	ProjectSection(ProjectDependencies) = postProject
		{9972AB82-4EEB-3543-99B1-77F59A03382B} = {9972AB82-4EEB-3543-99B1-77F59A03382B}
		{5833DE03-A30E-3DB9-A7CB-8B080C3A1763} = {5833DE03-A30E-3DB9-A7CB-8B080C3A1763}
	EndProjectSection
EndProject
Project("{8BC9CEB8-8B4A-11D0-8D11-00A0C91BC942}") = "Fractals_static", "Fractals_static.vcxproj", "{7D5A6D1E-130A-37BF-9607-66A0B9844FD7}"
	ProjectSection(ProjectDependencies) = postProject
		{9972AB82-4EEB-3543-99B1-77F59A03382B} = {9972AB82-4EEB-3543-99B1-77F59A03382B}
		{5833DE03-A30E-3DB9-A7CB-8B080C3A1763} = {5833DE03-A30E-3DB9-A7CB-8B080C3A1763}
	EndProjectSection
EndProject
Project("{8BC9CEB8-8B4A-11D0-8D11-00A0C91BC942}") = "INSTALL", "INSTALL.vcxproj", "{5B1E32AA-DF71-35CA-9CDF-C43042C98408}"
	ProjectSection(ProjectDependencies) = postProject
		{9053D8F2-BD25-3C8A-BBB5-40197884A6E8} = {9053D8F2-BD25-3C8A-BBB5-40197884A6E8}
		{9972AB82-4EEB-3543-99B1-77F59A03382B} = {9972AB82-4EEB-3543-99B1-77F59A03382B}
	EndProjectSection
EndProject
Project("{8BC9CEB8-8B4A-11D0-8D11-00A0C91BC942}") = "Lorenz", "Lorenz.vcxproj", "{48A3B5A8-3408-3ECE-BED9-F43CC605BE34}"
	ProjectSection(ProjectDependencies) = postProject
		{9972AB82-4EEB-3543-99B1-77F59A03382B} = {9972AB82-4EEB-3543-99B1-77F59A03382B}
		{19B04484-2A67-3ED4-A02A-641E292F5D72} = {19B04484-2A67-3ED4-A02A-641E292F5D72}
	EndProjectSection
EndProject
Project("{8BC9CEB8-8B4A-11D0-8D11-00A0C91BC942}") = "Lorenz_static", "Lorenz_static.vcxproj", "{FFBCE11B-2FB0-3AE5-95A8-51951D300D61}"
	ProjectSection(ProjectDependencies) = postProject
		{9972AB82-4EEB-3543-99B1-77F59A03382B} = {9972AB82-4EEB-3543-99B1-77F59A03382B}
		{5833DE03-A30E-3DB9-A7CB-8B080C3A1763} = {5833DE03-A30E-3DB9-A7CB-8B080C3A1763}
	EndProjectSection
EndProject
Project("{8BC9CEB8-8B4A-11D0-8D11-00A0C91BC942}") = "One", "One.vcxproj", "{8D76FF69-C23D-3638-9BDA-E0610D274D50}"
	ProjectSection(ProjectDependencies) = postProject
		{9972AB82-4EEB-3543-99B1-77F59A03382B} = {9972AB82-4EEB-3543-99B1-77F59A03382B}
		{19B04484-2A67-3ED4-A02A-641E292F5D72} = {19B04484-2A67-3ED4-A02A-641E292F5D72}
	EndProjectSection
EndProject
Project("{8BC9CEB8-8B4A-11D0-8D11-00A0C91BC942}") = "One_static", "One_static.vcxproj", "{F3B84E7F-733E-3180-A733-6161840A80D8}"
	ProjectSection(ProjectDependencies) = postProject
		{9972AB82-4EEB-3543-99B1-77F59A03382B} = {9972AB82-4EEB-3543-99B1-77F59A03382B}
		{5833DE03-A30E-3DB9-A7CB-8B080C3A1763} = {5833DE03-A30E-3DB9-A7CB-8B080C3A1763}
	EndProjectSection
EndProject
Project("{8BC9CEB8-8B4A-11D0-8D11-00A0C91BC942}") = "Resizer", "Resizer.vcxproj", "{6DD9FE52-C469-31E1-B687-364473CFE8AF}"
	ProjectSection(ProjectDependencies) = postProject
		{9972AB82-4EEB-3543-99B1-77F59A03382B} = {9972AB82-4EEB-3543-99B1-77F59A03382B}
		{19B04484-2A67-3ED4-A02A-641E292F5D72} = {19B04484-2A67-3ED4-A02A-641E292F5D72}
	EndProjectSection
EndProject
Project("{8BC9CEB8-8B4A-11D0-8D11-00A0C91BC942}") = "Resizer_static", "Resizer_static.vcxproj", "{C657616A-32B8-3A46-ADC3-E7DE70712429}"
	ProjectSection(ProjectDependencies) = postProject
		{9972AB82-4EEB-3543-99B1-77F59A03382B} = {9972AB82-4EEB-3543-99B1-77F59A03382B}
		{5833DE03-A30E-3DB9-A7CB-8B080C3A1763} = {5833DE03-A30E-3DB9-A7CB-8B080C3A1763}
	EndProjectSection
EndProject
Project("{8BC9CEB8-8B4A-11D0-8D11-00A0C91BC942}") = "ZERO_CHECK", "ZERO_CHECK.vcxproj", "{9972AB82-4EEB-3543-99B1-77F59A03382B}"
	ProjectSection(ProjectDependencies) = postProject
	EndProjectSection
EndProject
Project("{8BC9CEB8-8B4A-11D0-8D11-00A0C91BC942}") = "freeglut", "freeglut.vcxproj", "{19B04484-2A67-3ED4-A02A-641E292F5D72}"
	ProjectSection(ProjectDependencies) = postProject
		{9972AB82-4EEB-3543-99B1-77F59A03382B} = {9972AB82-4EEB-3543-99B1-77F59A03382B}
	EndProjectSection
EndProject
Project("{8BC9CEB8-8B4A-11D0-8D11-00A0C91BC942}") = "freeglut_static", "freeglut_static.vcxproj", "{5833DE03-A30E-3DB9-A7CB-8B080C3A1763}"
	ProjectSection(ProjectDependencies) = postProject
		{9972AB82-4EEB-3543-99B1-77F59A03382B} = {9972AB82-4EEB-3543-99B1-77F59A03382B}
	EndProjectSection
EndProject
Project("{8BC9CEB8-8B4A-11D0-8D11-00A0C91BC942}") = "multi-touch", "multi-touch.vcxproj", "{DCE67438-AC4C-3D18-B75E-C5C75875FD58}"
	ProjectSection(ProjectDependencies) = postProject
		{9972AB82-4EEB-3543-99B1-77F59A03382B} = {9972AB82-4EEB-3543-99B1-77F59A03382B}
		{19B04484-2A67-3ED4-A02A-641E292F5D72} = {19B04484-2A67-3ED4-A02A-641E292F5D72}
	EndProjectSection
EndProject
Project("{8BC9CEB8-8B4A-11D0-8D11-00A0C91BC942}") = "multi-touch_static", "multi-touch_static.vcxproj", "{C5A05638-45F1-335B-9242-EE175F43D0E8}"
	ProjectSection(ProjectDependencies) = postProject
		{9972AB82-4EEB-3543-99B1-77F59A03382B} = {9972AB82-4EEB-3543-99B1-77F59A03382B}
		{5833DE03-A30E-3DB9-A7CB-8B080C3A1763} = {5833DE03-A30E-3DB9-A7CB-8B080C3A1763}
	EndProjectSection
EndProject
Project("{8BC9CEB8-8B4A-11D0-8D11-00A0C91BC942}") = "shapes", "shapes.vcxproj", "{C7D2EA63-9592-3C2B-8856-DCA037D71A79}"
	ProjectSection(ProjectDependencies) = postProject
		{9972AB82-4EEB-3543-99B1-77F59A03382B} = {9972AB82-4EEB-3543-99B1-77F59A03382B}
		{19B04484-2A67-3ED4-A02A-641E292F5D72} = {19B04484-2A67-3ED4-A02A-641E292F5D72}
	EndProjectSection
EndProject
Project("{8BC9CEB8-8B4A-11D0-8D11-00A0C91BC942}") = "shapes_static", "shapes_static.vcxproj", "{8A666C33-0232-301A-939F-FAB098F5604A}"
	ProjectSection(ProjectDependencies) = postProject
		{9972AB82-4EEB-3543-99B1-77F59A03382B} = {9972AB82-4EEB-3543-99B1-77F59A03382B}
		{5833DE03-A30E-3DB9-A7CB-8B080C3A1763} = {5833DE03-A30E-3DB9-A7CB-8B080C3A1763}
	EndProjectSection
EndProject
Project("{8BC9CEB8-8B4A-11D0-8D11-00A0C91BC942}") = "smooth_opengl3", "smooth_opengl3.vcxproj", "{BC27CBAC-6832-35B0-AA9D-E0FC4497F188}"
	ProjectSection(ProjectDependencies) = postProject
		{9972AB82-4EEB-3543-99B1-77F59A03382B} = {9972AB82-4EEB-3543-99B1-77F59A03382B}
		{19B04484-2A67-3ED4-A02A-641E292F5D72} = {19B04484-2A67-3ED4-A02A-641E292F5D72}
	EndProjectSection
EndProject
Project("{8BC9CEB8-8B4A-11D0-8D11-00A0C91BC942}") = "smooth_opengl3_static", "smooth_opengl3_static.vcxproj", "{8D7B5FFF-FBFE-3F4D-A620-CBF7B01987DF}"
	ProjectSection(ProjectDependencies) = postProject
		{9972AB82-4EEB-3543-99B1-77F59A03382B} = {9972AB82-4EEB-3543-99B1-77F59A03382B}
		{5833DE03-A30E-3DB9-A7CB-8B080C3A1763} = {5833DE03-A30E-3DB9-A7CB-8B080C3A1763}
	EndProjectSection
EndProject
Project("{8BC9CEB8-8B4A-11D0-8D11-00A0C91BC942}") = "subwin", "subwin.vcxproj", "{F62AE991-6A71-309A-8B3B-870D9F7A7A8C}"
	ProjectSection(ProjectDependencies) = postProject
		{9972AB82-4EEB-3543-99B1-77F59A03382B} = {9972AB82-4EEB-3543-99B1-77F59A03382B}
		{19B04484-2A67-3ED4-A02A-641E292F5D72} = {19B04484-2A67-3ED4-A02A-641E292F5D72}
	EndProjectSection
EndProject
Project("{8BC9CEB8-8B4A-11D0-8D11-00A0C91BC942}") = "subwin_static", "subwin_static.vcxproj", "{E8F2995A-03B0-3431-AA13-DB9E657BA0BB}"
	ProjectSection(ProjectDependencies) = postProject
		{9972AB82-4EEB-3543-99B1-77F59A03382B} = {9972AB82-4EEB-3543-99B1-77F59A03382B}
		{5833DE03-A30E-3DB9-A7CB-8B080C3A1763} = {5833DE03-A30E-3DB9-A7CB-8B080C3A1763}
	EndProjectSection
EndProject
Project("{8BC9CEB8-8B4A-11D0-8D11-00A0C91BC942}") = "timer", "timer.vcxproj", "{B9448C36-748A-3D25-AD3E-5BD3E70779B0}"
	ProjectSection(ProjectDependencies) = postProject
		{9972AB82-4EEB-3543-99B1-77F59A03382B} = {9972AB82-4EEB-3543-99B1-77F59A03382B}
		{19B04484-2A67-3ED4-A02A-641E292F5D72} = {19B04484-2A67-3ED4-A02A-641E292F5D72}
	EndProjectSection
EndProject
Project("{8BC9CEB8-8B4A-11D0-8D11-00A0C91BC942}") = "timer_static", "timer_static.vcxproj", "{D1A28AD0-B1B4-37DD-B39A-9B15BD1E033A}"
	ProjectSection(ProjectDependencies) = postProject
		{9972AB82-4EEB-3543-99B1-77F59A03382B} = {9972AB82-4EEB-3543-99B1-77F59A03382B}
		{5833DE03-A30E-3DB9-A7CB-8B080C3A1763} = {5833DE03-A30E-3DB9-A7CB-8B080C3A1763}
	EndProjectSection
EndProject
Global
	GlobalSection(SolutionConfigurationPlatforms) = preSolution
		Debug|Win32 = Debug|Win32
		Release|Win32 = Release|Win32
		MinSizeRel|Win32 = MinSizeRel|Win32
		RelWithDebInfo|Win32 = RelWithDebInfo|Win32
	EndGlobalSection
	GlobalSection(ProjectConfigurationPlatforms) = postSolution
		{9053D8F2-BD25-3C8A-BBB5-40197884A6E8}.Debug|Win32.ActiveCfg = Debug|Win32
		{9053D8F2-BD25-3C8A-BBB5-40197884A6E8}.Debug|Win32.Build.0 = Debug|Win32
		{9053D8F2-BD25-3C8A-BBB5-40197884A6E8}.Release|Win32.ActiveCfg = Release|Win32
		{9053D8F2-BD25-3C8A-BBB5-40197884A6E8}.Release|Win32.Build.0 = Release|Win32
		{9053D8F2-BD25-3C8A-BBB5-40197884A6E8}.MinSizeRel|Win32.ActiveCfg = MinSizeRel|Win32
		{9053D8F2-BD25-3C8A-BBB5-40197884A6E8}.MinSizeRel|Win32.Build.0 = MinSizeRel|Win32
		{9053D8F2-BD25-3C8A-BBB5-40197884A6E8}.RelWithDebInfo|Win32.ActiveCfg = RelWithDebInfo|Win32
		{9053D8F2-BD25-3C8A-BBB5-40197884A6E8}.RelWithDebInfo|Win32.Build.0 = RelWithDebInfo|Win32
		{3033413F-A865-3CC1-B1FC-87BA44CD3EC9}.Debug|Win32.ActiveCfg = Debug|Win32
		{3033413F-A865-3CC1-B1FC-87BA44CD3EC9}.Debug|Win32.Build.0 = Debug|Win32
		{3033413F-A865-3CC1-B1FC-87BA44CD3EC9}.Release|Win32.ActiveCfg = Release|Win32
		{3033413F-A865-3CC1-B1FC-87BA44CD3EC9}.Release|Win32.Build.0 = Release|Win32
		{3033413F-A865-3CC1-B1FC-87BA44CD3EC9}.MinSizeRel|Win32.ActiveCfg = MinSizeRel|Win32
		{3033413F-A865-3CC1-B1FC-87BA44CD3EC9}.MinSizeRel|Win32.Build.0 = MinSizeRel|Win32
		{3033413F-A865-3CC1-B1FC-87BA44CD3EC9}.RelWithDebInfo|Win32.ActiveCfg = RelWithDebInfo|Win32
		{3033413F-A865-3CC1-B1FC-87BA44CD3EC9}.RelWithDebInfo|Win32.Build.0 = RelWithDebInfo|Win32
		{47851F9E-5A04-383D-BE6A-9D7D828EB51C}.Debug|Win32.ActiveCfg = Debug|Win32
		{47851F9E-5A04-383D-BE6A-9D7D828EB51C}.Debug|Win32.Build.0 = Debug|Win32
		{47851F9E-5A04-383D-BE6A-9D7D828EB51C}.Release|Win32.ActiveCfg = Release|Win32
		{47851F9E-5A04-383D-BE6A-9D7D828EB51C}.Release|Win32.Build.0 = Release|Win32
		{47851F9E-5A04-383D-BE6A-9D7D828EB51C}.MinSizeRel|Win32.ActiveCfg = MinSizeRel|Win32
		{47851F9E-5A04-383D-BE6A-9D7D828EB51C}.MinSizeRel|Win32.Build.0 = MinSizeRel|Win32
		{47851F9E-5A04-383D-BE6A-9D7D828EB51C}.RelWithDebInfo|Win32.ActiveCfg = RelWithDebInfo|Win32
		{47851F9E-5A04-383D-BE6A-9D7D828EB51C}.RelWithDebInfo|Win32.Build.0 = RelWithDebInfo|Win32
		{FA1491A6-B7A0-397A-BF98-ACDE79F79E7D}.Debug|Win32.ActiveCfg = Debug|Win32
		{FA1491A6-B7A0-397A-BF98-ACDE79F79E7D}.Debug|Win32.Build.0 = Debug|Win32
		{FA1491A6-B7A0-397A-BF98-ACDE79F79E7D}.Release|Win32.ActiveCfg = Release|Win32
		{FA1491A6-B7A0-397A-BF98-ACDE79F79E7D}.Release|Win32.Build.0 = Release|Win32
		{FA1491A6-B7A0-397A-BF98-ACDE79F79E7D}.MinSizeRel|Win32.ActiveCfg = MinSizeRel|Win32
		{FA1491A6-B7A0-397A-BF98-ACDE79F79E7D}.MinSizeRel|Win32.Build.0 = MinSizeRel|Win32
		{FA1491A6-B7A0-397A-BF98-ACDE79F79E7D}.RelWithDebInfo|Win32.ActiveCfg = RelWithDebInfo|Win32
		{FA1491A6-B7A0-397A-BF98-ACDE79F79E7D}.RelWithDebInfo|Win32.Build.0 = RelWithDebInfo|Win32
		{FC298195-DF4F-380A-B757-81B80A0783FB}.Debug|Win32.ActiveCfg = Debug|Win32
		{FC298195-DF4F-380A-B757-81B80A0783FB}.Debug|Win32.Build.0 = Debug|Win32
		{FC298195-DF4F-380A-B757-81B80A0783FB}.Release|Win32.ActiveCfg = Release|Win32
		{FC298195-DF4F-380A-B757-81B80A0783FB}.Release|Win32.Build.0 = Release|Win32
		{FC298195-DF4F-380A-B757-81B80A0783FB}.MinSizeRel|Win32.ActiveCfg = MinSizeRel|Win32
		{FC298195-DF4F-380A-B757-81B80A0783FB}.MinSizeRel|Win32.Build.0 = MinSizeRel|Win32
		{FC298195-DF4F-380A-B757-81B80A0783FB}.RelWithDebInfo|Win32.ActiveCfg = RelWithDebInfo|Win32
		{FC298195-DF4F-380A-B757-81B80A0783FB}.RelWithDebInfo|Win32.Build.0 = RelWithDebInfo|Win32
		{E79E6235-7871-3E5B-B2A1-D4DC338AF510}.Debug|Win32.ActiveCfg = Debug|Win32
		{E79E6235-7871-3E5B-B2A1-D4DC338AF510}.Debug|Win32.Build.0 = Debug|Win32
		{E79E6235-7871-3E5B-B2A1-D4DC338AF510}.Release|Win32.ActiveCfg = Release|Win32
		{E79E6235-7871-3E5B-B2A1-D4DC338AF510}.Release|Win32.Build.0 = Release|Win32
		{E79E6235-7871-3E5B-B2A1-D4DC338AF510}.MinSizeRel|Win32.ActiveCfg = MinSizeRel|Win32
		{E79E6235-7871-3E5B-B2A1-D4DC338AF510}.MinSizeRel|Win32.Build.0 = MinSizeRel|Win32
		{E79E6235-7871-3E5B-B2A1-D4DC338AF510}.RelWithDebInfo|Win32.ActiveCfg = RelWithDebInfo|Win32
		{E79E6235-7871-3E5B-B2A1-D4DC338AF510}.RelWithDebInfo|Win32.Build.0 = RelWithDebInfo|Win32
		{7D5A6D1E-130A-37BF-9607-66A0B9844FD7}.Debug|Win32.ActiveCfg = Debug|Win32
		{7D5A6D1E-130A-37BF-9607-66A0B9844FD7}.Debug|Win32.Build.0 = Debug|Win32
		{7D5A6D1E-130A-37BF-9607-66A0B9844FD7}.Release|Win32.ActiveCfg = Release|Win32
		{7D5A6D1E-130A-37BF-9607-66A0B9844FD7}.Release|Win32.Build.0 = Release|Win32
		{7D5A6D1E-130A-37BF-9607-66A0B9844FD7}.MinSizeRel|Win32.ActiveCfg = MinSizeRel|Win32
		{7D5A6D1E-130A-37BF-9607-66A0B9844FD7}.MinSizeRel|Win32.Build.0 = MinSizeRel|Win32
		{7D5A6D1E-130A-37BF-9607-66A0B9844FD7}.RelWithDebInfo|Win32.ActiveCfg = RelWithDebInfo|Win32
		{7D5A6D1E-130A-37BF-9607-66A0B9844FD7}.RelWithDebInfo|Win32.Build.0 = RelWithDebInfo|Win32
		{5B1E32AA-DF71-35CA-9CDF-C43042C98408}.Debug|Win32.ActiveCfg = Debug|Win32
		{5B1E32AA-DF71-35CA-9CDF-C43042C98408}.Release|Win32.ActiveCfg = Release|Win32
		{5B1E32AA-DF71-35CA-9CDF-C43042C98408}.MinSizeRel|Win32.ActiveCfg = MinSizeRel|Win32
		{5B1E32AA-DF71-35CA-9CDF-C43042C98408}.RelWithDebInfo|Win32.ActiveCfg = RelWithDebInfo|Win32
		{48A3B5A8-3408-3ECE-BED9-F43CC605BE34}.Debug|Win32.ActiveCfg = Debug|Win32
		{48A3B5A8-3408-3ECE-BED9-F43CC605BE34}.Debug|Win32.Build.0 = Debug|Win32
		{48A3B5A8-3408-3ECE-BED9-F43CC605BE34}.Release|Win32.ActiveCfg = Release|Win32
		{48A3B5A8-3408-3ECE-BED9-F43CC605BE34}.Release|Win32.Build.0 = Release|Win32
		{48A3B5A8-3408-3ECE-BED9-F43CC605BE34}.MinSizeRel|Win32.ActiveCfg = MinSizeRel|Win32
		{48A3B5A8-3408-3ECE-BED9-F43CC605BE34}.MinSizeRel|Win32.Build.0 = MinSizeRel|Win32
		{48A3B5A8-3408-3ECE-BED9-F43CC605BE34}.RelWithDebInfo|Win32.ActiveCfg = RelWithDebInfo|Win32
		{48A3B5A8-3408-3ECE-BED9-F43CC605BE34}.RelWithDebInfo|Win32.Build.0 = RelWithDebInfo|Win32
		{FFBCE11B-2FB0-3AE5-95A8-51951D300D61}.Debug|Win32.ActiveCfg = Debug|Win32
		{FFBCE11B-2FB0-3AE5-95A8-51951D300D61}.Debug|Win32.Build.0 = Debug|Win32
		{FFBCE11B-2FB0-3AE5-95A8-51951D300D61}.Release|Win32.ActiveCfg = Release|Win32
		{FFBCE11B-2FB0-3AE5-95A8-51951D300D61}.Release|Win32.Build.0 = Release|Win32
		{FFBCE11B-2FB0-3AE5-95A8-51951D300D61}.MinSizeRel|Win32.ActiveCfg = MinSizeRel|Win32
		{FFBCE11B-2FB0-3AE5-95A8-51951D300D61}.MinSizeRel|Win32.Build.0 = MinSizeRel|Win32
		{FFBCE11B-2FB0-3AE5-95A8-51951D300D61}.RelWithDebInfo|Win32.ActiveCfg = RelWithDebInfo|Win32
		{FFBCE11B-2FB0-3AE5-95A8-51951D300D61}.RelWithDebInfo|Win32.Build.0 = RelWithDebInfo|Win32
		{8D76FF69-C23D-3638-9BDA-E0610D274D50}.Debug|Win32.ActiveCfg = Debug|Win32
		{8D76FF69-C23D-3638-9BDA-E0610D274D50}.Debug|Win32.Build.0 = Debug|Win32
		{8D76FF69-C23D-3638-9BDA-E0610D274D50}.Release|Win32.ActiveCfg = Release|Win32
		{8D76FF69-C23D-3638-9BDA-E0610D274D50}.Release|Win32.Build.0 = Release|Win32
		{8D76FF69-C23D-3638-9BDA-E0610D274D50}.MinSizeRel|Win32.ActiveCfg = MinSizeRel|Win32
		{8D76FF69-C23D-3638-9BDA-E0610D274D50}.MinSizeRel|Win32.Build.0 = MinSizeRel|Win32
		{8D76FF69-C23D-3638-9BDA-E0610D274D50}.RelWithDebInfo|Win32.ActiveCfg = RelWithDebInfo|Win32
		{8D76FF69-C23D-3638-9BDA-E0610D274D50}.RelWithDebInfo|Win32.Build.0 = RelWithDebInfo|Win32
		{F3B84E7F-733E-3180-A733-6161840A80D8}.Debug|Win32.ActiveCfg = Debug|Win32
		{F3B84E7F-733E-3180-A733-6161840A80D8}.Debug|Win32.Build.0 = Debug|Win32
		{F3B84E7F-733E-3180-A733-6161840A80D8}.Release|Win32.ActiveCfg = Release|Win32
		{F3B84E7F-733E-3180-A733-6161840A80D8}.Release|Win32.Build.0 = Release|Win32
		{F3B84E7F-733E-3180-A733-6161840A80D8}.MinSizeRel|Win32.ActiveCfg = MinSizeRel|Win32
		{F3B84E7F-733E-3180-A733-6161840A80D8}.MinSizeRel|Win32.Build.0 = MinSizeRel|Win32
		{F3B84E7F-733E-3180-A733-6161840A80D8}.RelWithDebInfo|Win32.ActiveCfg = RelWithDebInfo|Win32
		{F3B84E7F-733E-3180-A733-6161840A80D8}.RelWithDebInfo|Win32.Build.0 = RelWithDebInfo|Win32
		{6DD9FE52-C469-31E1-B687-364473CFE8AF}.Debug|Win32.ActiveCfg = Debug|Win32
		{6DD9FE52-C469-31E1-B687-364473CFE8AF}.Debug|Win32.Build.0 = Debug|Win32
		{6DD9FE52-C469-31E1-B687-364473CFE8AF}.Release|Win32.ActiveCfg = Release|Win32
		{6DD9FE52-C469-31E1-B687-364473CFE8AF}.Release|Win32.Build.0 = Release|Win32
		{6DD9FE52-C469-31E1-B687-364473CFE8AF}.MinSizeRel|Win32.ActiveCfg = MinSizeRel|Win32
		{6DD9FE52-C469-31E1-B687-364473CFE8AF}.MinSizeRel|Win32.Build.0 = MinSizeRel|Win32
		{6DD9FE52-C469-31E1-B687-364473CFE8AF}.RelWithDebInfo|Win32.ActiveCfg = RelWithDebInfo|Win32
		{6DD9FE52-C469-31E1-B687-364473CFE8AF}.RelWithDebInfo|Win32.Build.0 = RelWithDebInfo|Win32
		{C657616A-32B8-3A46-ADC3-E7DE70712429}.Debug|Win32.ActiveCfg = Debug|Win32
		{C657616A-32B8-3A46-ADC3-E7DE70712429}.Debug|Win32.Build.0 = Debug|Win32
		{C657616A-32B8-3A46-ADC3-E7DE70712429}.Release|Win32.ActiveCfg = Release|Win32
		{C657616A-32B8-3A46-ADC3-E7DE70712429}.Release|Win32.Build.0 = Release|Win32
		{C657616A-32B8-3A46-ADC3-E7DE70712429}.MinSizeRel|Win32.ActiveCfg = MinSizeRel|Win32
		{C657616A-32B8-3A46-ADC3-E7DE70712429}.MinSizeRel|Win32.Build.0 = MinSizeRel|Win32
		{C657616A-32B8-3A46-ADC3-E7DE70712429}.RelWithDebInfo|Win32.ActiveCfg = RelWithDebInfo|Win32
		{C657616A-32B8-3A46-ADC3-E7DE70712429}.RelWithDebInfo|Win32.Build.0 = RelWithDebInfo|Win32
		{9972AB82-4EEB-3543-99B1-77F59A03382B}.Debug|Win32.ActiveCfg = Debug|Win32
		{9972AB82-4EEB-3543-99B1-77F59A03382B}.Debug|Win32.Build.0 = Debug|Win32
		{9972AB82-4EEB-3543-99B1-77F59A03382B}.Release|Win32.ActiveCfg = Release|Win32
		{9972AB82-4EEB-3543-99B1-77F59A03382B}.Release|Win32.Build.0 = Release|Win32
		{9972AB82-4EEB-3543-99B1-77F59A03382B}.MinSizeRel|Win32.ActiveCfg = MinSizeRel|Win32
		{9972AB82-4EEB-3543-99B1-77F59A03382B}.MinSizeRel|Win32.Build.0 = MinSizeRel|Win32
		{9972AB82-4EEB-3543-99B1-77F59A03382B}.RelWithDebInfo|Win32.ActiveCfg = RelWithDebInfo|Win32
		{9972AB82-4EEB-3543-99B1-77F59A03382B}.RelWithDebInfo|Win32.Build.0 = RelWithDebInfo|Win32
		{19B04484-2A67-3ED4-A02A-641E292F5D72}.Debug|Win32.ActiveCfg = Debug|Win32
		{19B04484-2A67-3ED4-A02A-641E292F5D72}.Debug|Win32.Build.0 = Debug|Win32
		{19B04484-2A67-3ED4-A02A-641E292F5D72}.Release|Win32.ActiveCfg = Release|Win32
		{19B04484-2A67-3ED4-A02A-641E292F5D72}.Release|Win32.Build.0 = Release|Win32
		{19B04484-2A67-3ED4-A02A-641E292F5D72}.MinSizeRel|Win32.ActiveCfg = MinSizeRel|Win32
		{19B04484-2A67-3ED4-A02A-641E292F5D72}.MinSizeRel|Win32.Build.0 = MinSizeRel|Win32
		{19B04484-2A67-3ED4-A02A-641E292F5D72}.RelWithDebInfo|Win32.ActiveCfg = RelWithDebInfo|Win32
		{19B04484-2A67-3ED4-A02A-641E292F5D72}.RelWithDebInfo|Win32.Build.0 = RelWithDebInfo|Win32
		{5833DE03-A30E-3DB9-A7CB-8B080C3A1763}.Debug|Win32.ActiveCfg = Debug|Win32
		{5833DE03-A30E-3DB9-A7CB-8B080C3A1763}.Debug|Win32.Build.0 = Debug|Win32
		{5833DE03-A30E-3DB9-A7CB-8B080C3A1763}.Release|Win32.ActiveCfg = Release|Win32
		{5833DE03-A30E-3DB9-A7CB-8B080C3A1763}.Release|Win32.Build.0 = Release|Win32
		{5833DE03-A30E-3DB9-A7CB-8B080C3A1763}.MinSizeRel|Win32.ActiveCfg = MinSizeRel|Win32
		{5833DE03-A30E-3DB9-A7CB-8B080C3A1763}.MinSizeRel|Win32.Build.0 = MinSizeRel|Win32
		{5833DE03-A30E-3DB9-A7CB-8B080C3A1763}.RelWithDebInfo|Win32.ActiveCfg = RelWithDebInfo|Win32
		{5833DE03-A30E-3DB9-A7CB-8B080C3A1763}.RelWithDebInfo|Win32.Build.0 = RelWithDebInfo|Win32
		{DCE67438-AC4C-3D18-B75E-C5C75875FD58}.Debug|Win32.ActiveCfg = Debug|Win32
		{DCE67438-AC4C-3D18-B75E-C5C75875FD58}.Debug|Win32.Build.0 = Debug|Win32
		{DCE67438-AC4C-3D18-B75E-C5C75875FD58}.Release|Win32.ActiveCfg = Release|Win32
		{DCE67438-AC4C-3D18-B75E-C5C75875FD58}.Release|Win32.Build.0 = Release|Win32
		{DCE67438-AC4C-3D18-B75E-C5C75875FD58}.MinSizeRel|Win32.ActiveCfg = MinSizeRel|Win32
		{DCE67438-AC4C-3D18-B75E-C5C75875FD58}.MinSizeRel|Win32.Build.0 = MinSizeRel|Win32
		{DCE67438-AC4C-3D18-B75E-C5C75875FD58}.RelWithDebInfo|Win32.ActiveCfg = RelWithDebInfo|Win32
		{DCE67438-AC4C-3D18-B75E-C5C75875FD58}.RelWithDebInfo|Win32.Build.0 = RelWithDebInfo|Win32
		{C5A05638-45F1-335B-9242-EE175F43D0E8}.Debug|Win32.ActiveCfg = Debug|Win32
		{C5A05638-45F1-335B-9242-EE175F43D0E8}.Debug|Win32.Build.0 = Debug|Win32
		{C5A05638-45F1-335B-9242-EE175F43D0E8}.Release|Win32.ActiveCfg = Release|Win32
		{C5A05638-45F1-335B-9242-EE175F43D0E8}.Release|Win32.Build.0 = Release|Win32
		{C5A05638-45F1-335B-9242-EE175F43D0E8}.MinSizeRel|Win32.ActiveCfg = MinSizeRel|Win32
		{C5A05638-45F1-335B-9242-EE175F43D0E8}.MinSizeRel|Win32.Build.0 = MinSizeRel|Win32
		{C5A05638-45F1-335B-9242-EE175F43D0E8}.RelWithDebInfo|Win32.ActiveCfg = RelWithDebInfo|Win32
		{C5A05638-45F1-335B-9242-EE175F43D0E8}.RelWithDebInfo|Win32.Build.0 = RelWithDebInfo|Win32
		{C7D2EA63-9592-3C2B-8856-DCA037D71A79}.Debug|Win32.ActiveCfg = Debug|Win32
		{C7D2EA63-9592-3C2B-8856-DCA037D71A79}.Debug|Win32.Build.0 = Debug|Win32
		{C7D2EA63-9592-3C2B-8856-DCA037D71A79}.Release|Win32.ActiveCfg = Release|Win32
		{C7D2EA63-9592-3C2B-8856-DCA037D71A79}.Release|Win32.Build.0 = Release|Win32
		{C7D2EA63-9592-3C2B-8856-DCA037D71A79}.MinSizeRel|Win32.ActiveCfg = MinSizeRel|Win32
		{C7D2EA63-9592-3C2B-8856-DCA037D71A79}.MinSizeRel|Win32.Build.0 = MinSizeRel|Win32
		{C7D2EA63-9592-3C2B-8856-DCA037D71A79}.RelWithDebInfo|Win32.ActiveCfg = RelWithDebInfo|Win32
		{C7D2EA63-9592-3C2B-8856-DCA037D71A79}.RelWithDebInfo|Win32.Build.0 = RelWithDebInfo|Win32
		{8A666C33-0232-301A-939F-FAB098F5604A}.Debug|Win32.ActiveCfg = Debug|Win32
		{8A666C33-0232-301A-939F-FAB098F5604A}.Debug|Win32.Build.0 = Debug|Win32
		{8A666C33-0232-301A-939F-FAB098F5604A}.Release|Win32.ActiveCfg = Release|Win32
		{8A666C33-0232-301A-939F-FAB098F5604A}.Release|Win32.Build.0 = Release|Win32
		{8A666C33-0232-301A-939F-FAB098F5604A}.MinSizeRel|Win32.ActiveCfg = MinSizeRel|Win32
		{8A666C33-0232-301A-939F-FAB098F5604A}.MinSizeRel|Win32.Build.0 = MinSizeRel|Win32
		{8A666C33-0232-301A-939F-FAB098F5604A}.RelWithDebInfo|Win32.ActiveCfg = RelWithDebInfo|Win32
		{8A666C33-0232-301A-939F-FAB098F5604A}.RelWithDebInfo|Win32.Build.0 = RelWithDebInfo|Win32
		{BC27CBAC-6832-35B0-AA9D-E0FC4497F188}.Debug|Win32.ActiveCfg = Debug|Win32
		{BC27CBAC-6832-35B0-AA9D-E0FC4497F188}.Debug|Win32.Build.0 = Debug|Win32
		{BC27CBAC-6832-35B0-AA9D-E0FC4497F188}.Release|Win32.ActiveCfg = Release|Win32
		{BC27CBAC-6832-35B0-AA9D-E0FC4497F188}.Release|Win32.Build.0 = Release|Win32
		{BC27CBAC-6832-35B0-AA9D-E0FC4497F188}.MinSizeRel|Win32.ActiveCfg = MinSizeRel|Win32
		{BC27CBAC-6832-35B0-AA9D-E0FC4497F188}.MinSizeRel|Win32.Build.0 = MinSizeRel|Win32
		{BC27CBAC-6832-35B0-AA9D-E0FC4497F188}.RelWithDebInfo|Win32.ActiveCfg = RelWithDebInfo|Win32
		{BC27CBAC-6832-35B0-AA9D-E0FC4497F188}.RelWithDebInfo|Win32.Build.0 = RelWithDebInfo|Win32
		{8D7B5FFF-FBFE-3F4D-A620-CBF7B01987DF}.Debug|Win32.ActiveCfg = Debug|Win32
		{8D7B5FFF-FBFE-3F4D-A620-CBF7B01987DF}.Debug|Win32.Build.0 = Debug|Win32
		{8D7B5FFF-FBFE-3F4D-A620-CBF7B01987DF}.Release|Win32.ActiveCfg = Release|Win32
		{8D7B5FFF-FBFE-3F4D-A620-CBF7B01987DF}.Release|Win32.Build.0 = Release|Win32
		{8D7B5FFF-FBFE-3F4D-A620-CBF7B01987DF}.MinSizeRel|Win32.ActiveCfg = MinSizeRel|Win32
		{8D7B5FFF-FBFE-3F4D-A620-CBF7B01987DF}.MinSizeRel|Win32.Build.0 = MinSizeRel|Win32
		{8D7B5FFF-FBFE-3F4D-A620-CBF7B01987DF}.RelWithDebInfo|Win32.ActiveCfg = RelWithDebInfo|Win32
		{8D7B5FFF-FBFE-3F4D-A620-CBF7B01987DF}.RelWithDebInfo|Win32.Build.0 = RelWithDebInfo|Win32
		{F62AE991-6A71-309A-8B3B-870D9F7A7A8C}.Debug|Win32.ActiveCfg = Debug|Win32
		{F62AE991-6A71-309A-8B3B-870D9F7A7A8C}.Debug|Win32.Build.0 = Debug|Win32
		{F62AE991-6A71-309A-8B3B-870D9F7A7A8C}.Release|Win32.ActiveCfg = Release|Win32
		{F62AE991-6A71-309A-8B3B-870D9F7A7A8C}.Release|Win32.Build.0 = Release|Win32
		{F62AE991-6A71-309A-8B3B-870D9F7A7A8C}.MinSizeRel|Win32.ActiveCfg = MinSizeRel|Win32
		{F62AE991-6A71-309A-8B3B-870D9F7A7A8C}.MinSizeRel|Win32.Build.0 = MinSizeRel|Win32
		{F62AE991-6A71-309A-8B3B-870D9F7A7A8C}.RelWithDebInfo|Win32.ActiveCfg = RelWithDebInfo|Win32
		{F62AE991-6A71-309A-8B3B-870D9F7A7A8C}.RelWithDebInfo|Win32.Build.0 = RelWithDebInfo|Win32
		{E8F2995A-03B0-3431-AA13-DB9E657BA0BB}.Debug|Win32.ActiveCfg = Debug|Win32
		{E8F2995A-03B0-3431-AA13-DB9E657BA0BB}.Debug|Win32.Build.0 = Debug|Win32
		{E8F2995A-03B0-3431-AA13-DB9E657BA0BB}.Release|Win32.ActiveCfg = Release|Win32
		{E8F2995A-03B0-3431-AA13-DB9E657BA0BB}.Release|Win32.Build.0 = Release|Win32
		{E8F2995A-03B0-3431-AA13-DB9E657BA0BB}.MinSizeRel|Win32.ActiveCfg = MinSizeRel|Win32
		{E8F2995A-03B0-3431-AA13-DB9E657BA0BB}.MinSizeRel|Win32.Build.0 = MinSizeRel|Win32
		{E8F2995A-03B0-3431-AA13-DB9E657BA0BB}.RelWithDebInfo|Win32.ActiveCfg = RelWithDebInfo|Win32
		{E8F2995A-03B0-3431-AA13-DB9E657BA0BB}.RelWithDebInfo|Win32.Build.0 = RelWithDebInfo|Win32
		{B9448C36-748A-3D25-AD3E-5BD3E70779B0}.Debug|Win32.ActiveCfg = Debug|Win32
		{B9448C36-748A-3D25-AD3E-5BD3E70779B0}.Debug|Win32.Build.0 = Debug|Win32
		{B9448C36-748A-3D25-AD3E-5BD3E70779B0}.Release|Win32.ActiveCfg = Release|Win32
		{B9448C36-748A-3D25-AD3E-5BD3E70779B0}.Release|Win32.Build.0 = Release|Win32
		{B9448C36-748A-3D25-AD3E-5BD3E70779B0}.MinSizeRel|Win32.ActiveCfg = MinSizeRel|Win32
		{B9448C36-748A-3D25-AD3E-5BD3E70779B0}.MinSizeRel|Win32.Build.0 = MinSizeRel|Win32
		{B9448C36-748A-3D25-AD3E-5BD3E70779B0}.RelWithDebInfo|Win32.ActiveCfg = RelWithDebInfo|Win32
		{B9448C36-748A-3D25-AD3E-5BD3E70779B0}.RelWithDebInfo|Win32.Build.0 = RelWithDebInfo|Win32
		{D1A28AD0-B1B4-37DD-B39A-9B15BD1E033A}.Debug|Win32.ActiveCfg = Debug|Win32
		{D1A28AD0-B1B4-37DD-B39A-9B15BD1E033A}.Debug|Win32.Build.0 = Debug|Win32
		{D1A28AD0-B1B4-37DD-B39A-9B15BD1E033A}.Release|Win32.ActiveCfg = Release|Win32
		{D1A28AD0-B1B4-37DD-B39A-9B15BD1E033A}.Release|Win32.Build.0 = Release|Win32
		{D1A28AD0-B1B4-37DD-B39A-9B15BD1E033A}.MinSizeRel|Win32.ActiveCfg = MinSizeRel|Win32
		{D1A28AD0-B1B4-37DD-B39A-9B15BD1E033A}.MinSizeRel|Win32.Build.0 = MinSizeRel|Win32
		{D1A28AD0-B1B4-37DD-B39A-9B15BD1E033A}.RelWithDebInfo|Win32.ActiveCfg = RelWithDebInfo|Win32
		{D1A28AD0-B1B4-37DD-B39A-9B15BD1E033A}.RelWithDebInfo|Win32.Build.0 = RelWithDebInfo|Win32
	EndGlobalSection
	GlobalSection(ExtensibilityGlobals) = postSolution
		SolutionGuid = {617CE535-3ADF-3706-800A-E79C8515A03C}
	EndGlobalSection
	GlobalSection(ExtensibilityAddIns) = postSolution
	EndGlobalSection
EndGlobal
