
Microsoft Visual Studio Solution File, Format Version 12.00
# Visual Studio 15
Project("{FAE04EC0-301F-11D3-BF4B-00C04F79EFBC}") = "NativeUnityEditor.Editor", "NativeUnityEditor.Editor.csproj", "{4F12ACAD-F074-0B24-EB1C-FFDFD3B9D372}"
EndProject
Project("{FAE04EC0-301F-11D3-BF4B-00C04F79EFBC}") = "NativeUnityEditor", "NativeUnityEditor.csproj", "{CEF260ED-46E9-43FF-F9B8-B72E893DFF6F}"
EndProject
Global
	GlobalSection(SolutionConfigurationPlatforms) = preSolution
		Debug|Any CPU = Debug|Any CPU
		Release|Any CPU = Release|Any CPU
	EndGlobalSection
	GlobalSection(ProjectConfigurationPlatforms) = postSolution
		{4F12ACAD-F074-0B24-EB1C-FFDFD3B9D372}.Debug|Any CPU.ActiveCfg = Debug|Any CPU
		{4F12ACAD-F074-0B24-EB1C-FFDFD3B9D372}.Debug|Any CPU.Build.0 = Debug|Any CPU
		{4F12ACAD-F074-0B24-EB1C-FFDFD3B9D372}.Release|Any CPU.ActiveCfg = Release|Any CPU
		{4F12ACAD-F074-0B24-EB1C-FFDFD3B9D372}.Release|Any CPU.Build.0 = Release|Any CPU
		{CEF260ED-46E9-43FF-F9B8-B72E893DFF6F}.Debug|Any CPU.ActiveCfg = Debug|Any CPU
		{CEF260ED-46E9-43FF-F9B8-B72E893DFF6F}.Debug|Any CPU.Build.0 = Debug|Any CPU
		{CEF260ED-46E9-43FF-F9B8-B72E893DFF6F}.Release|Any CPU.ActiveCfg = Release|Any CPU
		{CEF260ED-46E9-43FF-F9B8-B72E893DFF6F}.Release|Any CPU.Build.0 = Release|Any CPU
	EndGlobalSection
	GlobalSection(SolutionProperties) = preSolution
		HideSolutionNode = FALSE
	EndGlobalSection
EndGlobal
